
Microsoft Visual Studio Solution File, Format Version 12.00
# Visual Studio 15
VisualStudioVersion = 15.0.28307.271
MinimumVisualStudioVersion = 10.0.40219.1
Project("{8BC9CEB8-8B4A-11D0-8D11-00A0C91BC942}") = "Dijkstra", "Dijkstra\Dijkstra.vcxproj", "{16925347-BDDB-47E7-97DC-CC7341A2B397}"
EndProject
Project("{8BC9CEB8-8B4A-11D0-8D11-00A0C91BC942}") = "Prim", "Prim\Prim.vcxproj", "{4B8BD671-7550-4656-ADB8-3668B3A720B7}"
EndProject
Project("{8BC9CEB8-8B4A-11D0-8D11-00A0C91BC942}") = "HuffmamCode", "HuffmamCode\HuffmamCode.vcxproj", "{39B1B630-EA1D-4144-AC66-D54555B0A335}"
EndProject
Project("{8BC9CEB8-8B4A-11D0-8D11-00A0C91BC942}") = "Kruskal", "Kruskal\Kruskal.vcxproj", "{6900AD22-D6BA-459F-A936-76000BB20E9E}"
EndProject
Project("{8BC9CEB8-8B4A-11D0-8D11-00A0C91BC942}") = "BinarySearch", "BinarySearch\BinarySearch.vcxproj", "{9EE6D2EE-EB3E-4B4C-B92E-D188CF70DB5D}"
EndProject
Project("{8BC9CEB8-8B4A-11D0-8D11-00A0C91BC942}") = "MergeSort", "MergeSort\MergeSort.vcxproj", "{70AB23CD-627D-4063-8925-BA20AEFC8153}"
EndProject
Project("{8BC9CEB8-8B4A-11D0-8D11-00A0C91BC942}") = "QuickSort", "QuickSort\QuickSort.vcxproj", "{440A8D8C-8DA8-4914-B127-43E937B35919}"
EndProject
Project("{8BC9CEB8-8B4A-11D0-8D11-00A0C91BC942}") = "Large num Multiply", "Large num Multiply\Large num Multiply.vcxproj", "{0FD14388-4E87-46F0-BE38-4A312CF10348}"
EndProject
Project("{8BC9CEB8-8B4A-11D0-8D11-00A0C91BC942}") = "Reverse-Linked-list", "Reverse-Linked-list\Reverse-Linked-list.vcxproj", "{E4A58C34-B2D7-4153-A732-BF572B0F2078}"
EndProject
Project("{8BC9CEB8-8B4A-11D0-8D11-00A0C91BC942}") = "Swap Nodes in Pairs", "Swap Nodes in Pairs\Swap Nodes in Pairs.vcxproj", "{A5D3F42B-4722-489A-A316-62F5D57176FA}"
EndProject
Project("{8BC9CEB8-8B4A-11D0-8D11-00A0C91BC942}") = "Linked List Circle", "Linked List Circle\Linked List Circle.vcxproj", "{1C735C36-1B72-45A8-967D-AB3041AE1921}"
EndProject
Project("{8BC9CEB8-8B4A-11D0-8D11-00A0C91BC942}") = "Find the Median", "Find the Median\Find the Median.vcxproj", "{1EAAFF95-2167-42A8-9361-1B640888B1E3}"
EndProject
Project("{8BC9CEB8-8B4A-11D0-8D11-00A0C91BC942}") = "Linked List Cycle Ⅱ", "Linked List Cycle Ⅱ\Linked List Cycle Ⅱ.vcxproj", "{3E98FC87-50DB-4379-AF2B-78022D0A4ED0}"
EndProject
Project("{8BC9CEB8-8B4A-11D0-8D11-00A0C91BC942}") = "LCS problem(longest common subsequence)", "LCS problem(longest common subsequence)\LCS problem(longest common subsequence).vcxproj", "{E4E66D29-8917-4851-9C22-4786985E9CC1}"
EndProject
Project("{8BC9CEB8-8B4A-11D0-8D11-00A0C91BC942}") = "Levenshtein Distance(编辑距离)", "Levenshtein Distance(编辑距离)\Levenshtein Distance(编辑距离).vcxproj", "{69F11BF8-AE27-429D-AF9F-C259CE0E4FEC}"
EndProject
Project("{8BC9CEB8-8B4A-11D0-8D11-00A0C91BC942}") = "Rent boat using the least cost", "Rent boat using the least cost\Rent boat using the least cost.vcxproj", "{AABE5E4D-7AA0-46A4-BF1F-958079F5C322}"
EndProject
Project("{8BC9CEB8-8B4A-11D0-8D11-00A0C91BC942}") = "Matrix-Chain Multiplication", "Matrix-Chain Multiplication\Matrix-Chain Multiplication.vcxproj", "{D1E08F24-48C0-42E0-A5BF-FE1427438690}"
EndProject
Project("{8BC9CEB8-8B4A-11D0-8D11-00A0C91BC942}") = "Rotate List", "Rotate List\Rotate List.vcxproj", "{2F98D88B-F8B2-4C98-B677-419EDF1A64A8}"
EndProject
Project("{8BC9CEB8-8B4A-11D0-8D11-00A0C91BC942}") = "Unique Paths", "Unique Paths\Unique Paths.vcxproj", "{A1E68927-3E90-44ED-A04C-A83663F7025C}"
EndProject
Project("{8BC9CEB8-8B4A-11D0-8D11-00A0C91BC942}") = "Unique Paths Ⅱ", "Unique Paths Ⅱ\Unique Paths Ⅱ.vcxproj", "{BE895E01-D9B2-423F-A353-0C5AE1D40C0A}"
EndProject
Project("{8BC9CEB8-8B4A-11D0-8D11-00A0C91BC942}") = "Minumum Path Sum", "Minumum Path Sum\Minumum Path Sum.vcxproj", "{D3632C07-0026-4DF1-9700-7A1E9776F86D}"
EndProject
Project("{8BC9CEB8-8B4A-11D0-8D11-00A0C91BC942}") = "凸多边形的最优三角形剖分", "凸多边形的最优三角形剖分\凸多边形的最优三角形剖分.vcxproj", "{4D407DDE-E86E-413B-88E0-DF9C14A9AE6C}"
EndProject
Project("{8BC9CEB8-8B4A-11D0-8D11-00A0C91BC942}") = "石子合并", "石子合并\石子合并.vcxproj", "{639C3A11-2590-4D93-8DB7-52C6BAE1C9CD}"
EndProject
Project("{8BC9CEB8-8B4A-11D0-8D11-00A0C91BC942}") = "石子合并优化", "石子合并优化\石子合并优化.vcxproj", "{ACEFFD7D-2E48-4446-AC58-D60BBDCD445A}"
EndProject
Global
	GlobalSection(SolutionConfigurationPlatforms) = preSolution
		Debug|x64 = Debug|x64
		Debug|x86 = Debug|x86
		Release|x64 = Release|x64
		Release|x86 = Release|x86
	EndGlobalSection
	GlobalSection(ProjectConfigurationPlatforms) = postSolution
		{16925347-BDDB-47E7-97DC-CC7341A2B397}.Debug|x64.ActiveCfg = Debug|x64
		{16925347-BDDB-47E7-97DC-CC7341A2B397}.Debug|x64.Build.0 = Debug|x64
		{16925347-BDDB-47E7-97DC-CC7341A2B397}.Debug|x86.ActiveCfg = Debug|Win32
		{16925347-BDDB-47E7-97DC-CC7341A2B397}.Debug|x86.Build.0 = Debug|Win32
		{16925347-BDDB-47E7-97DC-CC7341A2B397}.Release|x64.ActiveCfg = Release|x64
		{16925347-BDDB-47E7-97DC-CC7341A2B397}.Release|x64.Build.0 = Release|x64
		{16925347-BDDB-47E7-97DC-CC7341A2B397}.Release|x86.ActiveCfg = Release|Win32
		{16925347-BDDB-47E7-97DC-CC7341A2B397}.Release|x86.Build.0 = Release|Win32
		{4B8BD671-7550-4656-ADB8-3668B3A720B7}.Debug|x64.ActiveCfg = Debug|x64
		{4B8BD671-7550-4656-ADB8-3668B3A720B7}.Debug|x64.Build.0 = Debug|x64
		{4B8BD671-7550-4656-ADB8-3668B3A720B7}.Debug|x86.ActiveCfg = Debug|Win32
		{4B8BD671-7550-4656-ADB8-3668B3A720B7}.Debug|x86.Build.0 = Debug|Win32
		{4B8BD671-7550-4656-ADB8-3668B3A720B7}.Release|x64.ActiveCfg = Release|x64
		{4B8BD671-7550-4656-ADB8-3668B3A720B7}.Release|x64.Build.0 = Release|x64
		{4B8BD671-7550-4656-ADB8-3668B3A720B7}.Release|x86.ActiveCfg = Release|Win32
		{4B8BD671-7550-4656-ADB8-3668B3A720B7}.Release|x86.Build.0 = Release|Win32
		{39B1B630-EA1D-4144-AC66-D54555B0A335}.Debug|x64.ActiveCfg = Debug|x64
		{39B1B630-EA1D-4144-AC66-D54555B0A335}.Debug|x64.Build.0 = Debug|x64
		{39B1B630-EA1D-4144-AC66-D54555B0A335}.Debug|x86.ActiveCfg = Debug|Win32
		{39B1B630-EA1D-4144-AC66-D54555B0A335}.Debug|x86.Build.0 = Debug|Win32
		{39B1B630-EA1D-4144-AC66-D54555B0A335}.Release|x64.ActiveCfg = Release|x64
		{39B1B630-EA1D-4144-AC66-D54555B0A335}.Release|x64.Build.0 = Release|x64
		{39B1B630-EA1D-4144-AC66-D54555B0A335}.Release|x86.ActiveCfg = Release|Win32
		{39B1B630-EA1D-4144-AC66-D54555B0A335}.Release|x86.Build.0 = Release|Win32
		{6900AD22-D6BA-459F-A936-76000BB20E9E}.Debug|x64.ActiveCfg = Debug|x64
		{6900AD22-D6BA-459F-A936-76000BB20E9E}.Debug|x64.Build.0 = Debug|x64
		{6900AD22-D6BA-459F-A936-76000BB20E9E}.Debug|x86.ActiveCfg = Debug|Win32
		{6900AD22-D6BA-459F-A936-76000BB20E9E}.Debug|x86.Build.0 = Debug|Win32
		{6900AD22-D6BA-459F-A936-76000BB20E9E}.Release|x64.ActiveCfg = Release|x64
		{6900AD22-D6BA-459F-A936-76000BB20E9E}.Release|x64.Build.0 = Release|x64
		{6900AD22-D6BA-459F-A936-76000BB20E9E}.Release|x86.ActiveCfg = Release|Win32
		{6900AD22-D6BA-459F-A936-76000BB20E9E}.Release|x86.Build.0 = Release|Win32
		{9EE6D2EE-EB3E-4B4C-B92E-D188CF70DB5D}.Debug|x64.ActiveCfg = Debug|x64
		{9EE6D2EE-EB3E-4B4C-B92E-D188CF70DB5D}.Debug|x64.Build.0 = Debug|x64
		{9EE6D2EE-EB3E-4B4C-B92E-D188CF70DB5D}.Debug|x86.ActiveCfg = Debug|Win32
		{9EE6D2EE-EB3E-4B4C-B92E-D188CF70DB5D}.Debug|x86.Build.0 = Debug|Win32
		{9EE6D2EE-EB3E-4B4C-B92E-D188CF70DB5D}.Release|x64.ActiveCfg = Release|x64
		{9EE6D2EE-EB3E-4B4C-B92E-D188CF70DB5D}.Release|x64.Build.0 = Release|x64
		{9EE6D2EE-EB3E-4B4C-B92E-D188CF70DB5D}.Release|x86.ActiveCfg = Release|Win32
		{9EE6D2EE-EB3E-4B4C-B92E-D188CF70DB5D}.Release|x86.Build.0 = Release|Win32
		{70AB23CD-627D-4063-8925-BA20AEFC8153}.Debug|x64.ActiveCfg = Debug|x64
		{70AB23CD-627D-4063-8925-BA20AEFC8153}.Debug|x64.Build.0 = Debug|x64
		{70AB23CD-627D-4063-8925-BA20AEFC8153}.Debug|x86.ActiveCfg = Debug|Win32
		{70AB23CD-627D-4063-8925-BA20AEFC8153}.Debug|x86.Build.0 = Debug|Win32
		{70AB23CD-627D-4063-8925-BA20AEFC8153}.Release|x64.ActiveCfg = Release|x64
		{70AB23CD-627D-4063-8925-BA20AEFC8153}.Release|x64.Build.0 = Release|x64
		{70AB23CD-627D-4063-8925-BA20AEFC8153}.Release|x86.ActiveCfg = Release|Win32
		{70AB23CD-627D-4063-8925-BA20AEFC8153}.Release|x86.Build.0 = Release|Win32
		{440A8D8C-8DA8-4914-B127-43E937B35919}.Debug|x64.ActiveCfg = Debug|x64
		{440A8D8C-8DA8-4914-B127-43E937B35919}.Debug|x64.Build.0 = Debug|x64
		{440A8D8C-8DA8-4914-B127-43E937B35919}.Debug|x86.ActiveCfg = Debug|Win32
		{440A8D8C-8DA8-4914-B127-43E937B35919}.Debug|x86.Build.0 = Debug|Win32
		{440A8D8C-8DA8-4914-B127-43E937B35919}.Release|x64.ActiveCfg = Release|x64
		{440A8D8C-8DA8-4914-B127-43E937B35919}.Release|x64.Build.0 = Release|x64
		{440A8D8C-8DA8-4914-B127-43E937B35919}.Release|x86.ActiveCfg = Release|Win32
		{440A8D8C-8DA8-4914-B127-43E937B35919}.Release|x86.Build.0 = Release|Win32
		{0FD14388-4E87-46F0-BE38-4A312CF10348}.Debug|x64.ActiveCfg = Debug|x64
		{0FD14388-4E87-46F0-BE38-4A312CF10348}.Debug|x64.Build.0 = Debug|x64
		{0FD14388-4E87-46F0-BE38-4A312CF10348}.Debug|x86.ActiveCfg = Debug|Win32
		{0FD14388-4E87-46F0-BE38-4A312CF10348}.Debug|x86.Build.0 = Debug|Win32
		{0FD14388-4E87-46F0-BE38-4A312CF10348}.Release|x64.ActiveCfg = Release|x64
		{0FD14388-4E87-46F0-BE38-4A312CF10348}.Release|x64.Build.0 = Release|x64
		{0FD14388-4E87-46F0-BE38-4A312CF10348}.Release|x86.ActiveCfg = Release|Win32
		{0FD14388-4E87-46F0-BE38-4A312CF10348}.Release|x86.Build.0 = Release|Win32
		{E4A58C34-B2D7-4153-A732-BF572B0F2078}.Debug|x64.ActiveCfg = Debug|x64
		{E4A58C34-B2D7-4153-A732-BF572B0F2078}.Debug|x64.Build.0 = Debug|x64
		{E4A58C34-B2D7-4153-A732-BF572B0F2078}.Debug|x86.ActiveCfg = Debug|Win32
		{E4A58C34-B2D7-4153-A732-BF572B0F2078}.Debug|x86.Build.0 = Debug|Win32
		{E4A58C34-B2D7-4153-A732-BF572B0F2078}.Release|x64.ActiveCfg = Release|x64
		{E4A58C34-B2D7-4153-A732-BF572B0F2078}.Release|x64.Build.0 = Release|x64
		{E4A58C34-B2D7-4153-A732-BF572B0F2078}.Release|x86.ActiveCfg = Release|Win32
		{E4A58C34-B2D7-4153-A732-BF572B0F2078}.Release|x86.Build.0 = Release|Win32
		{A5D3F42B-4722-489A-A316-62F5D57176FA}.Debug|x64.ActiveCfg = Debug|x64
		{A5D3F42B-4722-489A-A316-62F5D57176FA}.Debug|x64.Build.0 = Debug|x64
		{A5D3F42B-4722-489A-A316-62F5D57176FA}.Debug|x86.ActiveCfg = Debug|Win32
		{A5D3F42B-4722-489A-A316-62F5D57176FA}.Debug|x86.Build.0 = Debug|Win32
		{A5D3F42B-4722-489A-A316-62F5D57176FA}.Release|x64.ActiveCfg = Release|x64
		{A5D3F42B-4722-489A-A316-62F5D57176FA}.Release|x64.Build.0 = Release|x64
		{A5D3F42B-4722-489A-A316-62F5D57176FA}.Release|x86.ActiveCfg = Release|Win32
		{A5D3F42B-4722-489A-A316-62F5D57176FA}.Release|x86.Build.0 = Release|Win32
		{1C735C36-1B72-45A8-967D-AB3041AE1921}.Debug|x64.ActiveCfg = Debug|x64
		{1C735C36-1B72-45A8-967D-AB3041AE1921}.Debug|x64.Build.0 = Debug|x64
		{1C735C36-1B72-45A8-967D-AB3041AE1921}.Debug|x86.ActiveCfg = Debug|Win32
		{1C735C36-1B72-45A8-967D-AB3041AE1921}.Debug|x86.Build.0 = Debug|Win32
		{1C735C36-1B72-45A8-967D-AB3041AE1921}.Release|x64.ActiveCfg = Release|x64
		{1C735C36-1B72-45A8-967D-AB3041AE1921}.Release|x64.Build.0 = Release|x64
		{1C735C36-1B72-45A8-967D-AB3041AE1921}.Release|x86.ActiveCfg = Release|Win32
		{1C735C36-1B72-45A8-967D-AB3041AE1921}.Release|x86.Build.0 = Release|Win32
		{1EAAFF95-2167-42A8-9361-1B640888B1E3}.Debug|x64.ActiveCfg = Debug|x64
		{1EAAFF95-2167-42A8-9361-1B640888B1E3}.Debug|x64.Build.0 = Debug|x64
		{1EAAFF95-2167-42A8-9361-1B640888B1E3}.Debug|x86.ActiveCfg = Debug|Win32
		{1EAAFF95-2167-42A8-9361-1B640888B1E3}.Debug|x86.Build.0 = Debug|Win32
		{1EAAFF95-2167-42A8-9361-1B640888B1E3}.Release|x64.ActiveCfg = Release|x64
		{1EAAFF95-2167-42A8-9361-1B640888B1E3}.Release|x64.Build.0 = Release|x64
		{1EAAFF95-2167-42A8-9361-1B640888B1E3}.Release|x86.ActiveCfg = Release|Win32
		{1EAAFF95-2167-42A8-9361-1B640888B1E3}.Release|x86.Build.0 = Release|Win32
		{3E98FC87-50DB-4379-AF2B-78022D0A4ED0}.Debug|x64.ActiveCfg = Debug|x64
		{3E98FC87-50DB-4379-AF2B-78022D0A4ED0}.Debug|x64.Build.0 = Debug|x64
		{3E98FC87-50DB-4379-AF2B-78022D0A4ED0}.Debug|x86.ActiveCfg = Debug|Win32
		{3E98FC87-50DB-4379-AF2B-78022D0A4ED0}.Debug|x86.Build.0 = Debug|Win32
		{3E98FC87-50DB-4379-AF2B-78022D0A4ED0}.Release|x64.ActiveCfg = Release|x64
		{3E98FC87-50DB-4379-AF2B-78022D0A4ED0}.Release|x64.Build.0 = Release|x64
		{3E98FC87-50DB-4379-AF2B-78022D0A4ED0}.Release|x86.ActiveCfg = Release|Win32
		{3E98FC87-50DB-4379-AF2B-78022D0A4ED0}.Release|x86.Build.0 = Release|Win32
		{E4E66D29-8917-4851-9C22-4786985E9CC1}.Debug|x64.ActiveCfg = Debug|x64
		{E4E66D29-8917-4851-9C22-4786985E9CC1}.Debug|x64.Build.0 = Debug|x64
		{E4E66D29-8917-4851-9C22-4786985E9CC1}.Debug|x86.ActiveCfg = Debug|Win32
		{E4E66D29-8917-4851-9C22-4786985E9CC1}.Debug|x86.Build.0 = Debug|Win32
		{E4E66D29-8917-4851-9C22-4786985E9CC1}.Release|x64.ActiveCfg = Release|x64
		{E4E66D29-8917-4851-9C22-4786985E9CC1}.Release|x64.Build.0 = Release|x64
		{E4E66D29-8917-4851-9C22-4786985E9CC1}.Release|x86.ActiveCfg = Release|Win32
		{E4E66D29-8917-4851-9C22-4786985E9CC1}.Release|x86.Build.0 = Release|Win32
		{69F11BF8-AE27-429D-AF9F-C259CE0E4FEC}.Debug|x64.ActiveCfg = Debug|x64
		{69F11BF8-AE27-429D-AF9F-C259CE0E4FEC}.Debug|x64.Build.0 = Debug|x64
		{69F11BF8-AE27-429D-AF9F-C259CE0E4FEC}.Debug|x86.ActiveCfg = Debug|Win32
		{69F11BF8-AE27-429D-AF9F-C259CE0E4FEC}.Debug|x86.Build.0 = Debug|Win32
		{69F11BF8-AE27-429D-AF9F-C259CE0E4FEC}.Release|x64.ActiveCfg = Release|x64
		{69F11BF8-AE27-429D-AF9F-C259CE0E4FEC}.Release|x64.Build.0 = Release|x64
		{69F11BF8-AE27-429D-AF9F-C259CE0E4FEC}.Release|x86.ActiveCfg = Release|Win32
		{69F11BF8-AE27-429D-AF9F-C259CE0E4FEC}.Release|x86.Build.0 = Release|Win32
		{AABE5E4D-7AA0-46A4-BF1F-958079F5C322}.Debug|x64.ActiveCfg = Debug|x64
		{AABE5E4D-7AA0-46A4-BF1F-958079F5C322}.Debug|x64.Build.0 = Debug|x64
		{AABE5E4D-7AA0-46A4-BF1F-958079F5C322}.Debug|x86.ActiveCfg = Debug|Win32
		{AABE5E4D-7AA0-46A4-BF1F-958079F5C322}.Debug|x86.Build.0 = Debug|Win32
		{AABE5E4D-7AA0-46A4-BF1F-958079F5C322}.Release|x64.ActiveCfg = Release|x64
		{AABE5E4D-7AA0-46A4-BF1F-958079F5C322}.Release|x64.Build.0 = Release|x64
		{AABE5E4D-7AA0-46A4-BF1F-958079F5C322}.Release|x86.ActiveCfg = Release|Win32
		{AABE5E4D-7AA0-46A4-BF1F-958079F5C322}.Release|x86.Build.0 = Release|Win32
		{D1E08F24-48C0-42E0-A5BF-FE1427438690}.Debug|x64.ActiveCfg = Debug|x64
		{D1E08F24-48C0-42E0-A5BF-FE1427438690}.Debug|x64.Build.0 = Debug|x64
		{D1E08F24-48C0-42E0-A5BF-FE1427438690}.Debug|x86.ActiveCfg = Debug|Win32
		{D1E08F24-48C0-42E0-A5BF-FE1427438690}.Debug|x86.Build.0 = Debug|Win32
		{D1E08F24-48C0-42E0-A5BF-FE1427438690}.Release|x64.ActiveCfg = Release|x64
		{D1E08F24-48C0-42E0-A5BF-FE1427438690}.Release|x64.Build.0 = Release|x64
		{D1E08F24-48C0-42E0-A5BF-FE1427438690}.Release|x86.ActiveCfg = Release|Win32
		{D1E08F24-48C0-42E0-A5BF-FE1427438690}.Release|x86.Build.0 = Release|Win32
		{2F98D88B-F8B2-4C98-B677-419EDF1A64A8}.Debug|x64.ActiveCfg = Debug|x64
		{2F98D88B-F8B2-4C98-B677-419EDF1A64A8}.Debug|x64.Build.0 = Debug|x64
		{2F98D88B-F8B2-4C98-B677-419EDF1A64A8}.Debug|x86.ActiveCfg = Debug|Win32
		{2F98D88B-F8B2-4C98-B677-419EDF1A64A8}.Debug|x86.Build.0 = Debug|Win32
		{2F98D88B-F8B2-4C98-B677-419EDF1A64A8}.Release|x64.ActiveCfg = Release|x64
		{2F98D88B-F8B2-4C98-B677-419EDF1A64A8}.Release|x64.Build.0 = Release|x64
		{2F98D88B-F8B2-4C98-B677-419EDF1A64A8}.Release|x86.ActiveCfg = Release|Win32
		{2F98D88B-F8B2-4C98-B677-419EDF1A64A8}.Release|x86.Build.0 = Release|Win32
		{A1E68927-3E90-44ED-A04C-A83663F7025C}.Debug|x64.ActiveCfg = Debug|x64
		{A1E68927-3E90-44ED-A04C-A83663F7025C}.Debug|x64.Build.0 = Debug|x64
		{A1E68927-3E90-44ED-A04C-A83663F7025C}.Debug|x86.ActiveCfg = Debug|Win32
		{A1E68927-3E90-44ED-A04C-A83663F7025C}.Debug|x86.Build.0 = Debug|Win32
		{A1E68927-3E90-44ED-A04C-A83663F7025C}.Release|x64.ActiveCfg = Release|x64
		{A1E68927-3E90-44ED-A04C-A83663F7025C}.Release|x64.Build.0 = Release|x64
		{A1E68927-3E90-44ED-A04C-A83663F7025C}.Release|x86.ActiveCfg = Release|Win32
		{A1E68927-3E90-44ED-A04C-A83663F7025C}.Release|x86.Build.0 = Release|Win32
		{BE895E01-D9B2-423F-A353-0C5AE1D40C0A}.Debug|x64.ActiveCfg = Debug|x64
		{BE895E01-D9B2-423F-A353-0C5AE1D40C0A}.Debug|x64.Build.0 = Debug|x64
		{BE895E01-D9B2-423F-A353-0C5AE1D40C0A}.Debug|x86.ActiveCfg = Debug|Win32
		{BE895E01-D9B2-423F-A353-0C5AE1D40C0A}.Debug|x86.Build.0 = Debug|Win32
		{BE895E01-D9B2-423F-A353-0C5AE1D40C0A}.Release|x64.ActiveCfg = Release|x64
		{BE895E01-D9B2-423F-A353-0C5AE1D40C0A}.Release|x64.Build.0 = Release|x64
		{BE895E01-D9B2-423F-A353-0C5AE1D40C0A}.Release|x86.ActiveCfg = Release|Win32
		{BE895E01-D9B2-423F-A353-0C5AE1D40C0A}.Release|x86.Build.0 = Release|Win32
		{D3632C07-0026-4DF1-9700-7A1E9776F86D}.Debug|x64.ActiveCfg = Debug|x64
		{D3632C07-0026-4DF1-9700-7A1E9776F86D}.Debug|x64.Build.0 = Debug|x64
		{D3632C07-0026-4DF1-9700-7A1E9776F86D}.Debug|x86.ActiveCfg = Debug|Win32
		{D3632C07-0026-4DF1-9700-7A1E9776F86D}.Debug|x86.Build.0 = Debug|Win32
		{D3632C07-0026-4DF1-9700-7A1E9776F86D}.Release|x64.ActiveCfg = Release|x64
		{D3632C07-0026-4DF1-9700-7A1E9776F86D}.Release|x64.Build.0 = Release|x64
		{D3632C07-0026-4DF1-9700-7A1E9776F86D}.Release|x86.ActiveCfg = Release|Win32
		{D3632C07-0026-4DF1-9700-7A1E9776F86D}.Release|x86.Build.0 = Release|Win32
		{4D407DDE-E86E-413B-88E0-DF9C14A9AE6C}.Debug|x64.ActiveCfg = Debug|x64
		{4D407DDE-E86E-413B-88E0-DF9C14A9AE6C}.Debug|x64.Build.0 = Debug|x64
		{4D407DDE-E86E-413B-88E0-DF9C14A9AE6C}.Debug|x86.ActiveCfg = Debug|Win32
		{4D407DDE-E86E-413B-88E0-DF9C14A9AE6C}.Debug|x86.Build.0 = Debug|Win32
		{4D407DDE-E86E-413B-88E0-DF9C14A9AE6C}.Release|x64.ActiveCfg = Release|x64
		{4D407DDE-E86E-413B-88E0-DF9C14A9AE6C}.Release|x64.Build.0 = Release|x64
		{4D407DDE-E86E-413B-88E0-DF9C14A9AE6C}.Release|x86.ActiveCfg = Release|Win32
		{4D407DDE-E86E-413B-88E0-DF9C14A9AE6C}.Release|x86.Build.0 = Release|Win32
		{639C3A11-2590-4D93-8DB7-52C6BAE1C9CD}.Debug|x64.ActiveCfg = Debug|x64
		{639C3A11-2590-4D93-8DB7-52C6BAE1C9CD}.Debug|x64.Build.0 = Debug|x64
		{639C3A11-2590-4D93-8DB7-52C6BAE1C9CD}.Debug|x86.ActiveCfg = Debug|Win32
		{639C3A11-2590-4D93-8DB7-52C6BAE1C9CD}.Debug|x86.Build.0 = Debug|Win32
		{639C3A11-2590-4D93-8DB7-52C6BAE1C9CD}.Release|x64.ActiveCfg = Release|x64
		{639C3A11-2590-4D93-8DB7-52C6BAE1C9CD}.Release|x64.Build.0 = Release|x64
		{639C3A11-2590-4D93-8DB7-52C6BAE1C9CD}.Release|x86.ActiveCfg = Release|Win32
		{639C3A11-2590-4D93-8DB7-52C6BAE1C9CD}.Release|x86.Build.0 = Release|Win32
		{ACEFFD7D-2E48-4446-AC58-D60BBDCD445A}.Debug|x64.ActiveCfg = Debug|x64
		{ACEFFD7D-2E48-4446-AC58-D60BBDCD445A}.Debug|x64.Build.0 = Debug|x64
		{ACEFFD7D-2E48-4446-AC58-D60BBDCD445A}.Debug|x86.ActiveCfg = Debug|Win32
		{ACEFFD7D-2E48-4446-AC58-D60BBDCD445A}.Debug|x86.Build.0 = Debug|Win32
		{ACEFFD7D-2E48-4446-AC58-D60BBDCD445A}.Release|x64.ActiveCfg = Release|x64
		{ACEFFD7D-2E48-4446-AC58-D60BBDCD445A}.Release|x64.Build.0 = Release|x64
		{ACEFFD7D-2E48-4446-AC58-D60BBDCD445A}.Release|x86.ActiveCfg = Release|Win32
		{ACEFFD7D-2E48-4446-AC58-D60BBDCD445A}.Release|x86.Build.0 = Release|Win32
	EndGlobalSection
	GlobalSection(SolutionProperties) = preSolution
		HideSolutionNode = FALSE
	EndGlobalSection
	GlobalSection(ExtensibilityGlobals) = postSolution
		SolutionGuid = {767B33CA-5159-4CE1-AFF6-397A9E0B466A}
	EndGlobalSection
EndGlobal
