
Microsoft Visual Studio Solution File, Format Version 12.00
# Visual Studio 15
VisualStudioVersion = 15.0.28307.271
MinimumVisualStudioVersion = 10.0.40219.1
Project("{8BC9CEB8-8B4A-11D0-8D11-00A0C91BC942}") = "Dijkstra", "Dijkstra\Dijkstra.vcxproj", "{16925347-BDDB-47E7-97DC-CC7341A2B397}"
EndProject
Project("{8BC9CEB8-8B4A-11D0-8D11-00A0C91BC942}") = "Prim", "Prim\Prim.vcxproj", "{4B8BD671-7550-4656-ADB8-3668B3A720B7}"
EndProject
Project("{8BC9CEB8-8B4A-11D0-8D11-00A0C91BC942}") = "HuffmamCode", "HuffmamCode\HuffmamCode.vcxproj", "{39B1B630-EA1D-4144-AC66-D54555B0A335}"
EndProject
Project("{8BC9CEB8-8B4A-11D0-8D11-00A0C91BC942}") = "Kruskal", "Kruskal\Kruskal.vcxproj", "{6900AD22-D6BA-459F-A936-76000BB20E9E}"
EndProject
Project("{8BC9CEB8-8B4A-11D0-8D11-00A0C91BC942}") = "BinarySearch", "BinarySearch\BinarySearch.vcxproj", "{9EE6D2EE-EB3E-4B4C-B92E-D188CF70DB5D}"
EndProject
Project("{8BC9CEB8-8B4A-11D0-8D11-00A0C91BC942}") = "MergeSort", "MergeSort\MergeSort.vcxproj", "{70AB23CD-627D-4063-8925-BA20AEFC8153}"
EndProject
Project("{8BC9CEB8-8B4A-11D0-8D11-00A0C91BC942}") = "QuickSort", "QuickSort\QuickSort.vcxproj", "{440A8D8C-8DA8-4914-B127-43E937B35919}"
EndProject
Project("{8BC9CEB8-8B4A-11D0-8D11-00A0C91BC942}") = "Large num Multiply", "Large num Multiply\Large num Multiply.vcxproj", "{0FD14388-4E87-46F0-BE38-4A312CF10348}"
EndProject
Project("{8BC9CEB8-8B4A-11D0-8D11-00A0C91BC942}") = "Reverse-Linked-list", "Reverse-Linked-list\Reverse-Linked-list.vcxproj", "{E4A58C34-B2D7-4153-A732-BF572B0F2078}"
EndProject
Project("{8BC9CEB8-8B4A-11D0-8D11-00A0C91BC942}") = "Swap Nodes in Pairs", "Swap Nodes in Pairs\Swap Nodes in Pairs.vcxproj", "{A5D3F42B-4722-489A-A316-62F5D57176FA}"
EndProject
Project("{8BC9CEB8-8B4A-11D0-8D11-00A0C91BC942}") = "Linked List Circle", "Linked List Circle\Linked List Circle.vcxproj", "{1C735C36-1B72-45A8-967D-AB3041AE1921}"
EndProject
Project("{8BC9CEB8-8B4A-11D0-8D11-00A0C91BC942}") = "Find the Median", "Find the Median\Find the Median.vcxproj", "{1EAAFF95-2167-42A8-9361-1B640888B1E3}"
EndProject
Project("{8BC9CEB8-8B4A-11D0-8D11-00A0C91BC942}") = "Linked List Cycle Ⅱ", "Linked List Cycle Ⅱ\Linked List Cycle Ⅱ.vcxproj", "{3E98FC87-50DB-4379-AF2B-78022D0A4ED0}"
EndProject
Project("{8BC9CEB8-8B4A-11D0-8D11-00A0C91BC942}") = "LCS problem(longest common subsequence)", "LCS problem(longest common subsequence)\LCS problem(longest common subsequence).vcxproj", "{E4E66D29-8917-4851-9C22-4786985E9CC1}"
EndProject
Project("{8BC9CEB8-8B4A-11D0-8D11-00A0C91BC942}") = "Levenshtein Distance(编辑距离)", "Levenshtein Distance(编辑距离)\Levenshtein Distance(编辑距离).vcxproj", "{69F11BF8-AE27-429D-AF9F-C259CE0E4FEC}"
EndProject
Project("{8BC9CEB8-8B4A-11D0-8D11-00A0C91BC942}") = "Rent boat using the least cost", "Rent boat using the least cost\Rent boat using the least cost.vcxproj", "{AABE5E4D-7AA0-46A4-BF1F-958079F5C322}"
EndProject
Project("{8BC9CEB8-8B4A-11D0-8D11-00A0C91BC942}") = "Matrix-Chain Multiplication", "Matrix-Chain Multiplication\Matrix-Chain Multiplication.vcxproj", "{D1E08F24-48C0-42E0-A5BF-FE1427438690}"
EndProject
Project("{8BC9CEB8-8B4A-11D0-8D11-00A0C91BC942}") = "Rotate List", "Rotate List\Rotate List.vcxproj", "{2F98D88B-F8B2-4C98-B677-419EDF1A64A8}"
EndProject
Project("{8BC9CEB8-8B4A-11D0-8D11-00A0C91BC942}") = "Unique Paths", "Unique Paths\Unique Paths.vcxproj", "{A1E68927-3E90-44ED-A04C-A83663F7025C}"
EndProject
Project("{8BC9CEB8-8B4A-11D0-8D11-00A0C91BC942}") = "Unique Paths Ⅱ", "Unique Paths Ⅱ\Unique Paths Ⅱ.vcxproj", "{BE895E01-D9B2-423F-A353-0C5AE1D40C0A}"
EndProject
Project("{8BC9CEB8-8B4A-11D0-8D11-00A0C91BC942}") = "Minumum Path Sum", "Minumum Path Sum\Minumum Path Sum.vcxproj", "{D3632C07-0026-4DF1-9700-7A1E9776F86D}"
EndProject
Project("{8BC9CEB8-8B4A-11D0-8D11-00A0C91BC942}") = "凸多边形的最优三角形剖分", "凸多边形的最优三角形剖分\凸多边形的最优三角形剖分.vcxproj", "{4D407DDE-E86E-413B-88E0-DF9C14A9AE6C}"
EndProject
Project("{8BC9CEB8-8B4A-11D0-8D11-00A0C91BC942}") = "石子合并", "石子合并\石子合并.vcxproj", "{639C3A11-2590-4D93-8DB7-52C6BAE1C9CD}"
EndProject
Project("{8BC9CEB8-8B4A-11D0-8D11-00A0C91BC942}") = "石子合并优化", "石子合并优化\石子合并优化.vcxproj", "{ACEFFD7D-2E48-4446-AC58-D60BBDCD445A}"
EndProject
Project("{8BC9CEB8-8B4A-11D0-8D11-00A0C91BC942}") = "0-1背包问题", "0-1背包问题\0-1背包问题.vcxproj", "{49CF7ECD-2EF0-4B2D-AFCA-BD788A762404}"
EndProject
Project("{8BC9CEB8-8B4A-11D0-8D11-00A0C91BC942}") = "0-1背包问题优化", "0-1背包问题优化\0-1背包问题优化.vcxproj", "{FE5B99D3-F6AD-4498-81C0-CF602D9C7A1F}"
EndProject
Project("{8BC9CEB8-8B4A-11D0-8D11-00A0C91BC942}") = "0-1背包问题递归方法、记忆化搜索(备忘录方法)", "0-1背包问题递归方法、记忆化搜索(备忘录方法)\0-1背包问题递归方法、记忆化搜索(备忘录方法).vcxproj", "{2909D51F-B044-454C-A5E4-3DD82A2EFBA1}"
EndProject
Project("{8BC9CEB8-8B4A-11D0-8D11-00A0C91BC942}") = "最优二叉搜索树(dynamic programming)", "最优二叉搜索树(dynamic programming)\最优二叉搜索树(dynamic programming).vcxproj", "{B4BBB6A8-C016-4C13-9432-03C67F885555}"
EndProject
Project("{8BC9CEB8-8B4A-11D0-8D11-00A0C91BC942}") = "最优二叉搜索树优化", "最优二叉搜索树优化\最优二叉搜索树优化.vcxproj", "{D6654AB3-2630-450A-9390-12F3D96A5E7D}"
EndProject
Project("{8BC9CEB8-8B4A-11D0-8D11-00A0C91BC942}") = "最长回文子串", "最长回文子串\最长回文子串.vcxproj", "{3D6DAE38-319C-42A0-97DA-D4AE8B12EDF0}"
EndProject
Project("{8BC9CEB8-8B4A-11D0-8D11-00A0C91BC942}") = "0-1背包问题(回溯法)", "0-1背包问题(回溯法)\0-1背包问题(回溯法).vcxproj", "{4B40D298-12A5-4D31-803F-AA3F3882555E}"
EndProject
Project("{8BC9CEB8-8B4A-11D0-8D11-00A0C91BC942}") = "0-1背包问题优化(回溯法)", "0-1背包问题优化(回溯法)\0-1背包问题优化(回溯法).vcxproj", "{18F66EDC-F106-434E-93A3-68702F472856}"
EndProject
Project("{8BC9CEB8-8B4A-11D0-8D11-00A0C91BC942}") = "最大团问题(Maximum Clique Problem)", "最大团问题(Maximum Clique Problem)\最大团问题(Maximum Clique Problem).vcxproj", "{4F2131E3-F30D-41B7-88CA-E726108C2993}"
EndProject
Project("{8BC9CEB8-8B4A-11D0-8D11-00A0C91BC942}") = "图的m着色问题", "图的m着色问题\图的m着色问题.vcxproj", "{78BCA4D9-D57E-4731-ADEA-B033B449B94A}"
EndProject
Project("{8BC9CEB8-8B4A-11D0-8D11-00A0C91BC942}") = "n皇后问题(回溯法)", "n皇后问题(回溯法)\n皇后问题(回溯法).vcxproj", "{3B0FD56E-34C1-4E53-AF30-D1F295AE1E56}"
EndProject
Project("{8BC9CEB8-8B4A-11D0-8D11-00A0C91BC942}") = "全排列实现(回溯法)", "全排列实现(回溯法)\全排列实现(回溯法).vcxproj", "{135687F0-F609-4FE9-B086-A95F1595A256}"
EndProject
Project("{8BC9CEB8-8B4A-11D0-8D11-00A0C91BC942}") = "最优加工顺序(回溯法)", "最优加工顺序(回溯法)\最优加工顺序(回溯法).vcxproj", "{3A92824B-A08F-446A-8EFD-2A79BC1F80E7}"
EndProject
Project("{8BC9CEB8-8B4A-11D0-8D11-00A0C91BC942}") = "旅行商问题(回溯法)", "旅行商问题(回溯法)\旅行商问题(回溯法).vcxproj", "{98DD913F-ED5E-4DED-B876-D9C12DF7B76E}"
EndProject
Project("{8BC9CEB8-8B4A-11D0-8D11-00A0C91BC942}") = "Just a Hook(线段树)", "Just a Hook(线段树)\Just a Hook(线段树).vcxproj", "{DFBFDB36-5E38-4F4C-BA89-1F26B2E08E01}"
EndProject
Project("{8BC9CEB8-8B4A-11D0-8D11-00A0C91BC942}") = "A Simple Problem with Integers(线段树)", "A Simple Problem with Integers(线段树)\A Simple Problem with Integers(线段树).vcxproj", "{BE2D9E64-DB5D-4481-A9C6-815FE3A6ADBE}"
EndProject
Project("{8BC9CEB8-8B4A-11D0-8D11-00A0C91BC942}") = "线段树", "线段树\线段树.vcxproj", "{926670FB-F217-4AF9-BE15-18656B7DABFB}"
EndProject
Project("{8BC9CEB8-8B4A-11D0-8D11-00A0C91BC942}") = "全排列实现(DFS)", "全排列实现(DFS)\全排列实现(DFS).vcxproj", "{F917659B-19B7-4087-962A-0CBF0ABA3183}"
EndProject
Project("{8BC9CEB8-8B4A-11D0-8D11-00A0C91BC942}") = "KMP及其优化", "KMP及其优化\KMP及其优化.vcxproj", "{C52A7897-761E-4ED7-99EF-24EF48B7EEC9}"
EndProject
Project("{8BC9CEB8-8B4A-11D0-8D11-00A0C91BC942}") = "旅行商问题（动态规划）", "旅行商问题（动态规划）\旅行商问题（动态规划）.vcxproj", "{04DB59E8-102A-4EC8-89EE-62E9959FBA3F}"
EndProject
Project("{8BC9CEB8-8B4A-11D0-8D11-00A0C91BC942}") = "最优加工顺序(贝尔曼规则)", "最优加工顺序(贝尔曼规则)\最优加工顺序(贝尔曼规则).vcxproj", "{160FE136-2D6D-45EF-B62B-7B5281C57CAA}"
EndProject
Project("{8BC9CEB8-8B4A-11D0-8D11-00A0C91BC942}") = "0-1背包问题(分支限界法)", "0-1背包问题(分支限界法)\0-1背包问题(分支限界法).vcxproj", "{9438D2CF-A662-40C8-BBEA-8922BD5962E2}"
EndProject
Project("{8BC9CEB8-8B4A-11D0-8D11-00A0C91BC942}") = "0-1背包问题优化(分支限界法)", "0-1背包问题优化(分支限界法)\0-1背包问题优化(分支限界法).vcxproj", "{77F14CD2-BA2E-48D7-939B-9FF061A7DE48}"
EndProject
Project("{8BC9CEB8-8B4A-11D0-8D11-00A0C91BC942}") = "旅行商问题(分支限界法)", "旅行商问题(分支限界法)\旅行商问题(分支限界法).vcxproj", "{BAAE19BD-7D1F-4E61-BA38-D80E8B5C9233}"
EndProject
Project("{8BC9CEB8-8B4A-11D0-8D11-00A0C91BC942}") = "旅行商问题优化(分支限界法)", "旅行商问题优化(分支限界法)\旅行商问题优化(分支限界法).vcxproj", "{280DCCC7-D994-4DB7-88A8-89CE0514D8AB}"
EndProject
Project("{8BC9CEB8-8B4A-11D0-8D11-00A0C91BC942}") = "铺设电缆(BFS分支限界法最短路径)", "铺设电缆(BFS分支限界法最短路径)\铺设电缆(BFS分支限界法最短路径).vcxproj", "{1666795F-4497-4D67-8203-206E2CBEA980}"
EndProject
Project("{8BC9CEB8-8B4A-11D0-8D11-00A0C91BC942}") = "工厂最大收益(线性规划单纯形算法)", "工厂最大收益(线性规划单纯形算法)\工厂最大收益(线性规划单纯形算法).vcxproj", "{B5F4C038-9FFB-4FE9-8F01-EB5941C8B7D5}"
EndProject
Project("{8BC9CEB8-8B4A-11D0-8D11-00A0C91BC942}") = "最大网络流(最短增广路算法、Edmonds-Karp算法、SAP算法)", "最大网络流(最短增广路算法、Edmonds-Karp算法、SAP算法)\最大网络流(最短增广路算法、Edmonds-Karp算法、SAP算法).vcxproj", "{0E2804A5-3D59-4FDA-AA7B-DD4314277C22}"
EndProject
Project("{8BC9CEB8-8B4A-11D0-8D11-00A0C91BC942}") = "最大网络流优化(ISAP、Improved Shortest Augument Path)", "最大网络流优化(ISAP、Improved Shortest Augument Path)\最大网络流优化(ISAP、Improved Shortest Augument Path).vcxproj", "{DB91AE6C-99B9-451C-8823-25C1F55E53C8}"
EndProject
Project("{8BC9CEB8-8B4A-11D0-8D11-00A0C91BC942}") = "最小费用最大流(最小费用路算法)", "最小费用最大流(最小费用路算法)\最小费用最大流(最小费用路算法).vcxproj", "{3258A151-737F-4CF1-AB67-49C0D3CE682B}"
EndProject
Project("{8BC9CEB8-8B4A-11D0-8D11-00A0C91BC942}") = "二分图最大匹配(最大网络流ISAP)", "二分图最大匹配(最大网络流ISAP)\二分图最大匹配(最大网络流ISAP).vcxproj", "{B8A19EF4-B2CA-4881-B5D3-8CB7E5B4BD0B}"
EndProject
Project("{8BC9CEB8-8B4A-11D0-8D11-00A0C91BC942}") = "二分图最大匹配(匈牙利算法)", "二分图最大匹配(匈牙利算法)\二分图最大匹配(匈牙利算法).vcxproj", "{B446E6FA-2DBC-4687-BFD8-E32D96E850D0}"
EndProject
Project("{8BC9CEB8-8B4A-11D0-8D11-00A0C91BC942}") = "二分图多重匹配问题(圆桌会议问题，ISAP算法)", "二分图多重匹配问题(圆桌会议问题，ISAP算法)\二分图多重匹配问题(圆桌会议问题，ISAP算法).vcxproj", "{3A3D21E6-9366-412A-83BB-A768F822A54E}"
EndProject
Project("{8BC9CEB8-8B4A-11D0-8D11-00A0C91BC942}") = "考试库问题(ISAP算法)", "考试库问题(ISAP算法)\考试库问题(ISAP算法).vcxproj", "{F76426D8-6074-458E-A6A6-ABBF4D920611}"
EndProject
Project("{8BC9CEB8-8B4A-11D0-8D11-00A0C91BC942}") = "最大收益问题(最大网络流ISAP+最小割问题)", "最大收益问题(最大网络流ISAP+最小割问题)\最大收益问题(最大网络流ISAP+最小割问题).vcxproj", "{88588E6F-3F56-45C8-8DF6-6FDE47127111}"
EndProject
Project("{8BC9CEB8-8B4A-11D0-8D11-00A0C91BC942}") = "方格取数问题(ISAP算法+最大流最小割定理)", "方格取数问题(ISAP算法+最大流最小割定理)\方格取数问题(ISAP算法+最大流最小割定理).vcxproj", "{29A2FD74-9DAF-4AC0-9D65-EC25DC521BDA}"
EndProject
Project("{8BC9CEB8-8B4A-11D0-8D11-00A0C91BC942}") = "旅游路线问题(MCMF最小费用最大流)", "旅游路线问题(MCMF最小费用最大流)\旅游路线问题(MCMF最小费用最大流).vcxproj", "{0C7847B3-B738-4F1B-87B5-7B9E5BBDEEC0}"
EndProject
Project("{8BC9CEB8-8B4A-11D0-8D11-00A0C91BC942}") = "Floyd-Warshall", "Floyd-Warshall\Floyd-Warshall.vcxproj", "{10B85BC7-FC6B-406D-8331-7E2ECE8DD9AF}"
EndProject
Project("{8BC9CEB8-8B4A-11D0-8D11-00A0C91BC942}") = "SPFA算法(单源最短路径)", "SPFA算法(单源最短路径)\SPFA算法(单源最短路径).vcxproj", "{115F830D-CA4C-42DF-BFB7-9F406A92BA39}"
EndProject
Project("{8BC9CEB8-8B4A-11D0-8D11-00A0C91BC942}") = "Bellman-Ford", "Bellman-Ford\Bellman-Ford.vcxproj", "{34D06EEB-3BF4-4E4F-8B6F-8231E4333350}"
EndProject
Project("{8BC9CEB8-8B4A-11D0-8D11-00A0C91BC942}") = "多源起点最短路径(Dijkstra算法)", "多源起点最短路径(Dijkstra算法)\多源起点最短路径(Dijkstra算法).vcxproj", "{71984AFA-F150-484D-929F-51B765D4D8E6}"
EndProject
Project("{8BC9CEB8-8B4A-11D0-8D11-00A0C91BC942}") = "多源起点最短路径(SPFA算法)", "多源起点最短路径(SPFA算法)\多源起点最短路径(SPFA算法).vcxproj", "{9508C226-D5A5-45FA-B122-AF40209EEAEC}"
EndProject
Project("{8BC9CEB8-8B4A-11D0-8D11-00A0C91BC942}") = "判断是否有负环(Floyd算法)", "判断是否有负环(Floyd算法)\判断是否有负环(Floyd算法).vcxproj", "{285B1AC1-B99A-4774-A044-AE12F8D4D9AF}"
EndProject
Project("{8BC9CEB8-8B4A-11D0-8D11-00A0C91BC942}") = "判断是否有负环(SPFA算法)", "判断是否有负环(SPFA算法)\判断是否有负环(SPFA算法).vcxproj", "{7AD8AE28-23F1-4CBB-B175-96F15A2D9BBA}"
EndProject
Project("{8BC9CEB8-8B4A-11D0-8D11-00A0C91BC942}") = "判断是否有负环(Bellman-ford算法)", "判断是否有负环(Bellman-ford算法)\判断是否有负环(Bellman-ford算法).vcxproj", "{15572177-C9B6-44E3-962F-C0DB51E8A5C0}"
EndProject
Project("{8BC9CEB8-8B4A-11D0-8D11-00A0C91BC942}") = "SPFA算法(邻接矩阵数组实现)", "SPFA算法(邻接矩阵数组实现)\SPFA算法(邻接矩阵数组实现).vcxproj", "{4F8F18D8-2C4B-48D3-BF93-742E361FD227}"
EndProject
Project("{8BC9CEB8-8B4A-11D0-8D11-00A0C91BC942}") = "判断是否有负环(SPFA算法dfs优化)", "判断是否有负环(SPFA算法dfs优化)\判断是否有负环(SPFA算法dfs优化).vcxproj", "{8B779BDC-23D1-4BF0-8FE1-7A92DAEC645E}"
EndProject
Project("{8BC9CEB8-8B4A-11D0-8D11-00A0C91BC942}") = "前向星", "前向星\前向星.vcxproj", "{78733877-7EE5-4246-88C7-C6FB3D1E5072}"
EndProject
Project("{8BC9CEB8-8B4A-11D0-8D11-00A0C91BC942}") = "链式前向星", "链式前向星\链式前向星.vcxproj", "{AB718FD0-CFAB-4896-B858-1FB4FF49EE88}"
EndProject
Project("{8BC9CEB8-8B4A-11D0-8D11-00A0C91BC942}") = "链式前向星(基于C++STL)", "链式前向星(基于C++STL)\链式前向星(基于C++STL).vcxproj", "{91596BFA-27B8-4752-9D8D-ECA45B6B3B62}"
EndProject
Project("{8BC9CEB8-8B4A-11D0-8D11-00A0C91BC942}") = "找集合中唯一的数", "找集合中唯一的数\找集合中唯一的数.vcxproj", "{906E659D-D62E-4842-910D-04868345BE24}"
EndProject
Project("{8BC9CEB8-8B4A-11D0-8D11-00A0C91BC942}") = "Reverse_Array", "Reverse_Array\Reverse_Array.vcxproj", "{FFB4365C-D35B-4AFA-B10A-8A12CC3D8867}"
EndProject
Project("{8BC9CEB8-8B4A-11D0-8D11-00A0C91BC942}") = "判断是否溢出", "判断是否溢出\判断是否溢出.vcxproj", "{77681746-7983-49D4-928A-262E3F9BF945}"
EndProject
Global
	GlobalSection(SolutionConfigurationPlatforms) = preSolution
		Debug|x64 = Debug|x64
		Debug|x86 = Debug|x86
		Release|x64 = Release|x64
		Release|x86 = Release|x86
	EndGlobalSection
	GlobalSection(ProjectConfigurationPlatforms) = postSolution
		{16925347-BDDB-47E7-97DC-CC7341A2B397}.Debug|x64.ActiveCfg = Debug|x64
		{16925347-BDDB-47E7-97DC-CC7341A2B397}.Debug|x64.Build.0 = Debug|x64
		{16925347-BDDB-47E7-97DC-CC7341A2B397}.Debug|x86.ActiveCfg = Debug|Win32
		{16925347-BDDB-47E7-97DC-CC7341A2B397}.Debug|x86.Build.0 = Debug|Win32
		{16925347-BDDB-47E7-97DC-CC7341A2B397}.Release|x64.ActiveCfg = Release|x64
		{16925347-BDDB-47E7-97DC-CC7341A2B397}.Release|x64.Build.0 = Release|x64
		{16925347-BDDB-47E7-97DC-CC7341A2B397}.Release|x86.ActiveCfg = Release|Win32
		{16925347-BDDB-47E7-97DC-CC7341A2B397}.Release|x86.Build.0 = Release|Win32
		{4B8BD671-7550-4656-ADB8-3668B3A720B7}.Debug|x64.ActiveCfg = Debug|x64
		{4B8BD671-7550-4656-ADB8-3668B3A720B7}.Debug|x64.Build.0 = Debug|x64
		{4B8BD671-7550-4656-ADB8-3668B3A720B7}.Debug|x86.ActiveCfg = Debug|Win32
		{4B8BD671-7550-4656-ADB8-3668B3A720B7}.Debug|x86.Build.0 = Debug|Win32
		{4B8BD671-7550-4656-ADB8-3668B3A720B7}.Release|x64.ActiveCfg = Release|x64
		{4B8BD671-7550-4656-ADB8-3668B3A720B7}.Release|x64.Build.0 = Release|x64
		{4B8BD671-7550-4656-ADB8-3668B3A720B7}.Release|x86.ActiveCfg = Release|Win32
		{4B8BD671-7550-4656-ADB8-3668B3A720B7}.Release|x86.Build.0 = Release|Win32
		{39B1B630-EA1D-4144-AC66-D54555B0A335}.Debug|x64.ActiveCfg = Debug|x64
		{39B1B630-EA1D-4144-AC66-D54555B0A335}.Debug|x64.Build.0 = Debug|x64
		{39B1B630-EA1D-4144-AC66-D54555B0A335}.Debug|x86.ActiveCfg = Debug|Win32
		{39B1B630-EA1D-4144-AC66-D54555B0A335}.Debug|x86.Build.0 = Debug|Win32
		{39B1B630-EA1D-4144-AC66-D54555B0A335}.Release|x64.ActiveCfg = Release|x64
		{39B1B630-EA1D-4144-AC66-D54555B0A335}.Release|x64.Build.0 = Release|x64
		{39B1B630-EA1D-4144-AC66-D54555B0A335}.Release|x86.ActiveCfg = Release|Win32
		{39B1B630-EA1D-4144-AC66-D54555B0A335}.Release|x86.Build.0 = Release|Win32
		{6900AD22-D6BA-459F-A936-76000BB20E9E}.Debug|x64.ActiveCfg = Debug|x64
		{6900AD22-D6BA-459F-A936-76000BB20E9E}.Debug|x64.Build.0 = Debug|x64
		{6900AD22-D6BA-459F-A936-76000BB20E9E}.Debug|x86.ActiveCfg = Debug|Win32
		{6900AD22-D6BA-459F-A936-76000BB20E9E}.Debug|x86.Build.0 = Debug|Win32
		{6900AD22-D6BA-459F-A936-76000BB20E9E}.Release|x64.ActiveCfg = Release|x64
		{6900AD22-D6BA-459F-A936-76000BB20E9E}.Release|x64.Build.0 = Release|x64
		{6900AD22-D6BA-459F-A936-76000BB20E9E}.Release|x86.ActiveCfg = Release|Win32
		{6900AD22-D6BA-459F-A936-76000BB20E9E}.Release|x86.Build.0 = Release|Win32
		{9EE6D2EE-EB3E-4B4C-B92E-D188CF70DB5D}.Debug|x64.ActiveCfg = Debug|x64
		{9EE6D2EE-EB3E-4B4C-B92E-D188CF70DB5D}.Debug|x64.Build.0 = Debug|x64
		{9EE6D2EE-EB3E-4B4C-B92E-D188CF70DB5D}.Debug|x86.ActiveCfg = Debug|Win32
		{9EE6D2EE-EB3E-4B4C-B92E-D188CF70DB5D}.Debug|x86.Build.0 = Debug|Win32
		{9EE6D2EE-EB3E-4B4C-B92E-D188CF70DB5D}.Release|x64.ActiveCfg = Release|x64
		{9EE6D2EE-EB3E-4B4C-B92E-D188CF70DB5D}.Release|x64.Build.0 = Release|x64
		{9EE6D2EE-EB3E-4B4C-B92E-D188CF70DB5D}.Release|x86.ActiveCfg = Release|Win32
		{9EE6D2EE-EB3E-4B4C-B92E-D188CF70DB5D}.Release|x86.Build.0 = Release|Win32
		{70AB23CD-627D-4063-8925-BA20AEFC8153}.Debug|x64.ActiveCfg = Debug|x64
		{70AB23CD-627D-4063-8925-BA20AEFC8153}.Debug|x64.Build.0 = Debug|x64
		{70AB23CD-627D-4063-8925-BA20AEFC8153}.Debug|x86.ActiveCfg = Debug|Win32
		{70AB23CD-627D-4063-8925-BA20AEFC8153}.Debug|x86.Build.0 = Debug|Win32
		{70AB23CD-627D-4063-8925-BA20AEFC8153}.Release|x64.ActiveCfg = Release|x64
		{70AB23CD-627D-4063-8925-BA20AEFC8153}.Release|x64.Build.0 = Release|x64
		{70AB23CD-627D-4063-8925-BA20AEFC8153}.Release|x86.ActiveCfg = Release|Win32
		{70AB23CD-627D-4063-8925-BA20AEFC8153}.Release|x86.Build.0 = Release|Win32
		{440A8D8C-8DA8-4914-B127-43E937B35919}.Debug|x64.ActiveCfg = Debug|x64
		{440A8D8C-8DA8-4914-B127-43E937B35919}.Debug|x64.Build.0 = Debug|x64
		{440A8D8C-8DA8-4914-B127-43E937B35919}.Debug|x86.ActiveCfg = Debug|Win32
		{440A8D8C-8DA8-4914-B127-43E937B35919}.Debug|x86.Build.0 = Debug|Win32
		{440A8D8C-8DA8-4914-B127-43E937B35919}.Release|x64.ActiveCfg = Release|x64
		{440A8D8C-8DA8-4914-B127-43E937B35919}.Release|x64.Build.0 = Release|x64
		{440A8D8C-8DA8-4914-B127-43E937B35919}.Release|x86.ActiveCfg = Release|Win32
		{440A8D8C-8DA8-4914-B127-43E937B35919}.Release|x86.Build.0 = Release|Win32
		{0FD14388-4E87-46F0-BE38-4A312CF10348}.Debug|x64.ActiveCfg = Debug|x64
		{0FD14388-4E87-46F0-BE38-4A312CF10348}.Debug|x64.Build.0 = Debug|x64
		{0FD14388-4E87-46F0-BE38-4A312CF10348}.Debug|x86.ActiveCfg = Debug|Win32
		{0FD14388-4E87-46F0-BE38-4A312CF10348}.Debug|x86.Build.0 = Debug|Win32
		{0FD14388-4E87-46F0-BE38-4A312CF10348}.Release|x64.ActiveCfg = Release|x64
		{0FD14388-4E87-46F0-BE38-4A312CF10348}.Release|x64.Build.0 = Release|x64
		{0FD14388-4E87-46F0-BE38-4A312CF10348}.Release|x86.ActiveCfg = Release|Win32
		{0FD14388-4E87-46F0-BE38-4A312CF10348}.Release|x86.Build.0 = Release|Win32
		{E4A58C34-B2D7-4153-A732-BF572B0F2078}.Debug|x64.ActiveCfg = Debug|x64
		{E4A58C34-B2D7-4153-A732-BF572B0F2078}.Debug|x64.Build.0 = Debug|x64
		{E4A58C34-B2D7-4153-A732-BF572B0F2078}.Debug|x86.ActiveCfg = Debug|Win32
		{E4A58C34-B2D7-4153-A732-BF572B0F2078}.Debug|x86.Build.0 = Debug|Win32
		{E4A58C34-B2D7-4153-A732-BF572B0F2078}.Release|x64.ActiveCfg = Release|x64
		{E4A58C34-B2D7-4153-A732-BF572B0F2078}.Release|x64.Build.0 = Release|x64
		{E4A58C34-B2D7-4153-A732-BF572B0F2078}.Release|x86.ActiveCfg = Release|Win32
		{E4A58C34-B2D7-4153-A732-BF572B0F2078}.Release|x86.Build.0 = Release|Win32
		{A5D3F42B-4722-489A-A316-62F5D57176FA}.Debug|x64.ActiveCfg = Debug|x64
		{A5D3F42B-4722-489A-A316-62F5D57176FA}.Debug|x64.Build.0 = Debug|x64
		{A5D3F42B-4722-489A-A316-62F5D57176FA}.Debug|x86.ActiveCfg = Debug|Win32
		{A5D3F42B-4722-489A-A316-62F5D57176FA}.Debug|x86.Build.0 = Debug|Win32
		{A5D3F42B-4722-489A-A316-62F5D57176FA}.Release|x64.ActiveCfg = Release|x64
		{A5D3F42B-4722-489A-A316-62F5D57176FA}.Release|x64.Build.0 = Release|x64
		{A5D3F42B-4722-489A-A316-62F5D57176FA}.Release|x86.ActiveCfg = Release|Win32
		{A5D3F42B-4722-489A-A316-62F5D57176FA}.Release|x86.Build.0 = Release|Win32
		{1C735C36-1B72-45A8-967D-AB3041AE1921}.Debug|x64.ActiveCfg = Debug|x64
		{1C735C36-1B72-45A8-967D-AB3041AE1921}.Debug|x64.Build.0 = Debug|x64
		{1C735C36-1B72-45A8-967D-AB3041AE1921}.Debug|x86.ActiveCfg = Debug|Win32
		{1C735C36-1B72-45A8-967D-AB3041AE1921}.Debug|x86.Build.0 = Debug|Win32
		{1C735C36-1B72-45A8-967D-AB3041AE1921}.Release|x64.ActiveCfg = Release|x64
		{1C735C36-1B72-45A8-967D-AB3041AE1921}.Release|x64.Build.0 = Release|x64
		{1C735C36-1B72-45A8-967D-AB3041AE1921}.Release|x86.ActiveCfg = Release|Win32
		{1C735C36-1B72-45A8-967D-AB3041AE1921}.Release|x86.Build.0 = Release|Win32
		{1EAAFF95-2167-42A8-9361-1B640888B1E3}.Debug|x64.ActiveCfg = Debug|x64
		{1EAAFF95-2167-42A8-9361-1B640888B1E3}.Debug|x64.Build.0 = Debug|x64
		{1EAAFF95-2167-42A8-9361-1B640888B1E3}.Debug|x86.ActiveCfg = Debug|Win32
		{1EAAFF95-2167-42A8-9361-1B640888B1E3}.Debug|x86.Build.0 = Debug|Win32
		{1EAAFF95-2167-42A8-9361-1B640888B1E3}.Release|x64.ActiveCfg = Release|x64
		{1EAAFF95-2167-42A8-9361-1B640888B1E3}.Release|x64.Build.0 = Release|x64
		{1EAAFF95-2167-42A8-9361-1B640888B1E3}.Release|x86.ActiveCfg = Release|Win32
		{1EAAFF95-2167-42A8-9361-1B640888B1E3}.Release|x86.Build.0 = Release|Win32
		{3E98FC87-50DB-4379-AF2B-78022D0A4ED0}.Debug|x64.ActiveCfg = Debug|x64
		{3E98FC87-50DB-4379-AF2B-78022D0A4ED0}.Debug|x64.Build.0 = Debug|x64
		{3E98FC87-50DB-4379-AF2B-78022D0A4ED0}.Debug|x86.ActiveCfg = Debug|Win32
		{3E98FC87-50DB-4379-AF2B-78022D0A4ED0}.Debug|x86.Build.0 = Debug|Win32
		{3E98FC87-50DB-4379-AF2B-78022D0A4ED0}.Release|x64.ActiveCfg = Release|x64
		{3E98FC87-50DB-4379-AF2B-78022D0A4ED0}.Release|x64.Build.0 = Release|x64
		{3E98FC87-50DB-4379-AF2B-78022D0A4ED0}.Release|x86.ActiveCfg = Release|Win32
		{3E98FC87-50DB-4379-AF2B-78022D0A4ED0}.Release|x86.Build.0 = Release|Win32
		{E4E66D29-8917-4851-9C22-4786985E9CC1}.Debug|x64.ActiveCfg = Debug|x64
		{E4E66D29-8917-4851-9C22-4786985E9CC1}.Debug|x64.Build.0 = Debug|x64
		{E4E66D29-8917-4851-9C22-4786985E9CC1}.Debug|x86.ActiveCfg = Debug|Win32
		{E4E66D29-8917-4851-9C22-4786985E9CC1}.Debug|x86.Build.0 = Debug|Win32
		{E4E66D29-8917-4851-9C22-4786985E9CC1}.Release|x64.ActiveCfg = Release|x64
		{E4E66D29-8917-4851-9C22-4786985E9CC1}.Release|x64.Build.0 = Release|x64
		{E4E66D29-8917-4851-9C22-4786985E9CC1}.Release|x86.ActiveCfg = Release|Win32
		{E4E66D29-8917-4851-9C22-4786985E9CC1}.Release|x86.Build.0 = Release|Win32
		{69F11BF8-AE27-429D-AF9F-C259CE0E4FEC}.Debug|x64.ActiveCfg = Debug|x64
		{69F11BF8-AE27-429D-AF9F-C259CE0E4FEC}.Debug|x64.Build.0 = Debug|x64
		{69F11BF8-AE27-429D-AF9F-C259CE0E4FEC}.Debug|x86.ActiveCfg = Debug|Win32
		{69F11BF8-AE27-429D-AF9F-C259CE0E4FEC}.Debug|x86.Build.0 = Debug|Win32
		{69F11BF8-AE27-429D-AF9F-C259CE0E4FEC}.Release|x64.ActiveCfg = Release|x64
		{69F11BF8-AE27-429D-AF9F-C259CE0E4FEC}.Release|x64.Build.0 = Release|x64
		{69F11BF8-AE27-429D-AF9F-C259CE0E4FEC}.Release|x86.ActiveCfg = Release|Win32
		{69F11BF8-AE27-429D-AF9F-C259CE0E4FEC}.Release|x86.Build.0 = Release|Win32
		{AABE5E4D-7AA0-46A4-BF1F-958079F5C322}.Debug|x64.ActiveCfg = Debug|x64
		{AABE5E4D-7AA0-46A4-BF1F-958079F5C322}.Debug|x64.Build.0 = Debug|x64
		{AABE5E4D-7AA0-46A4-BF1F-958079F5C322}.Debug|x86.ActiveCfg = Debug|Win32
		{AABE5E4D-7AA0-46A4-BF1F-958079F5C322}.Debug|x86.Build.0 = Debug|Win32
		{AABE5E4D-7AA0-46A4-BF1F-958079F5C322}.Release|x64.ActiveCfg = Release|x64
		{AABE5E4D-7AA0-46A4-BF1F-958079F5C322}.Release|x64.Build.0 = Release|x64
		{AABE5E4D-7AA0-46A4-BF1F-958079F5C322}.Release|x86.ActiveCfg = Release|Win32
		{AABE5E4D-7AA0-46A4-BF1F-958079F5C322}.Release|x86.Build.0 = Release|Win32
		{D1E08F24-48C0-42E0-A5BF-FE1427438690}.Debug|x64.ActiveCfg = Debug|x64
		{D1E08F24-48C0-42E0-A5BF-FE1427438690}.Debug|x64.Build.0 = Debug|x64
		{D1E08F24-48C0-42E0-A5BF-FE1427438690}.Debug|x86.ActiveCfg = Debug|Win32
		{D1E08F24-48C0-42E0-A5BF-FE1427438690}.Debug|x86.Build.0 = Debug|Win32
		{D1E08F24-48C0-42E0-A5BF-FE1427438690}.Release|x64.ActiveCfg = Release|x64
		{D1E08F24-48C0-42E0-A5BF-FE1427438690}.Release|x64.Build.0 = Release|x64
		{D1E08F24-48C0-42E0-A5BF-FE1427438690}.Release|x86.ActiveCfg = Release|Win32
		{D1E08F24-48C0-42E0-A5BF-FE1427438690}.Release|x86.Build.0 = Release|Win32
		{2F98D88B-F8B2-4C98-B677-419EDF1A64A8}.Debug|x64.ActiveCfg = Debug|x64
		{2F98D88B-F8B2-4C98-B677-419EDF1A64A8}.Debug|x64.Build.0 = Debug|x64
		{2F98D88B-F8B2-4C98-B677-419EDF1A64A8}.Debug|x86.ActiveCfg = Debug|Win32
		{2F98D88B-F8B2-4C98-B677-419EDF1A64A8}.Debug|x86.Build.0 = Debug|Win32
		{2F98D88B-F8B2-4C98-B677-419EDF1A64A8}.Release|x64.ActiveCfg = Release|x64
		{2F98D88B-F8B2-4C98-B677-419EDF1A64A8}.Release|x64.Build.0 = Release|x64
		{2F98D88B-F8B2-4C98-B677-419EDF1A64A8}.Release|x86.ActiveCfg = Release|Win32
		{2F98D88B-F8B2-4C98-B677-419EDF1A64A8}.Release|x86.Build.0 = Release|Win32
		{A1E68927-3E90-44ED-A04C-A83663F7025C}.Debug|x64.ActiveCfg = Debug|x64
		{A1E68927-3E90-44ED-A04C-A83663F7025C}.Debug|x64.Build.0 = Debug|x64
		{A1E68927-3E90-44ED-A04C-A83663F7025C}.Debug|x86.ActiveCfg = Debug|Win32
		{A1E68927-3E90-44ED-A04C-A83663F7025C}.Debug|x86.Build.0 = Debug|Win32
		{A1E68927-3E90-44ED-A04C-A83663F7025C}.Release|x64.ActiveCfg = Release|x64
		{A1E68927-3E90-44ED-A04C-A83663F7025C}.Release|x64.Build.0 = Release|x64
		{A1E68927-3E90-44ED-A04C-A83663F7025C}.Release|x86.ActiveCfg = Release|Win32
		{A1E68927-3E90-44ED-A04C-A83663F7025C}.Release|x86.Build.0 = Release|Win32
		{BE895E01-D9B2-423F-A353-0C5AE1D40C0A}.Debug|x64.ActiveCfg = Debug|x64
		{BE895E01-D9B2-423F-A353-0C5AE1D40C0A}.Debug|x64.Build.0 = Debug|x64
		{BE895E01-D9B2-423F-A353-0C5AE1D40C0A}.Debug|x86.ActiveCfg = Debug|Win32
		{BE895E01-D9B2-423F-A353-0C5AE1D40C0A}.Debug|x86.Build.0 = Debug|Win32
		{BE895E01-D9B2-423F-A353-0C5AE1D40C0A}.Release|x64.ActiveCfg = Release|x64
		{BE895E01-D9B2-423F-A353-0C5AE1D40C0A}.Release|x64.Build.0 = Release|x64
		{BE895E01-D9B2-423F-A353-0C5AE1D40C0A}.Release|x86.ActiveCfg = Release|Win32
		{BE895E01-D9B2-423F-A353-0C5AE1D40C0A}.Release|x86.Build.0 = Release|Win32
		{D3632C07-0026-4DF1-9700-7A1E9776F86D}.Debug|x64.ActiveCfg = Debug|x64
		{D3632C07-0026-4DF1-9700-7A1E9776F86D}.Debug|x64.Build.0 = Debug|x64
		{D3632C07-0026-4DF1-9700-7A1E9776F86D}.Debug|x86.ActiveCfg = Debug|Win32
		{D3632C07-0026-4DF1-9700-7A1E9776F86D}.Debug|x86.Build.0 = Debug|Win32
		{D3632C07-0026-4DF1-9700-7A1E9776F86D}.Release|x64.ActiveCfg = Release|x64
		{D3632C07-0026-4DF1-9700-7A1E9776F86D}.Release|x64.Build.0 = Release|x64
		{D3632C07-0026-4DF1-9700-7A1E9776F86D}.Release|x86.ActiveCfg = Release|Win32
		{D3632C07-0026-4DF1-9700-7A1E9776F86D}.Release|x86.Build.0 = Release|Win32
		{4D407DDE-E86E-413B-88E0-DF9C14A9AE6C}.Debug|x64.ActiveCfg = Debug|x64
		{4D407DDE-E86E-413B-88E0-DF9C14A9AE6C}.Debug|x64.Build.0 = Debug|x64
		{4D407DDE-E86E-413B-88E0-DF9C14A9AE6C}.Debug|x86.ActiveCfg = Debug|Win32
		{4D407DDE-E86E-413B-88E0-DF9C14A9AE6C}.Debug|x86.Build.0 = Debug|Win32
		{4D407DDE-E86E-413B-88E0-DF9C14A9AE6C}.Release|x64.ActiveCfg = Release|x64
		{4D407DDE-E86E-413B-88E0-DF9C14A9AE6C}.Release|x64.Build.0 = Release|x64
		{4D407DDE-E86E-413B-88E0-DF9C14A9AE6C}.Release|x86.ActiveCfg = Release|Win32
		{4D407DDE-E86E-413B-88E0-DF9C14A9AE6C}.Release|x86.Build.0 = Release|Win32
		{639C3A11-2590-4D93-8DB7-52C6BAE1C9CD}.Debug|x64.ActiveCfg = Debug|x64
		{639C3A11-2590-4D93-8DB7-52C6BAE1C9CD}.Debug|x64.Build.0 = Debug|x64
		{639C3A11-2590-4D93-8DB7-52C6BAE1C9CD}.Debug|x86.ActiveCfg = Debug|Win32
		{639C3A11-2590-4D93-8DB7-52C6BAE1C9CD}.Debug|x86.Build.0 = Debug|Win32
		{639C3A11-2590-4D93-8DB7-52C6BAE1C9CD}.Release|x64.ActiveCfg = Release|x64
		{639C3A11-2590-4D93-8DB7-52C6BAE1C9CD}.Release|x64.Build.0 = Release|x64
		{639C3A11-2590-4D93-8DB7-52C6BAE1C9CD}.Release|x86.ActiveCfg = Release|Win32
		{639C3A11-2590-4D93-8DB7-52C6BAE1C9CD}.Release|x86.Build.0 = Release|Win32
		{ACEFFD7D-2E48-4446-AC58-D60BBDCD445A}.Debug|x64.ActiveCfg = Debug|x64
		{ACEFFD7D-2E48-4446-AC58-D60BBDCD445A}.Debug|x64.Build.0 = Debug|x64
		{ACEFFD7D-2E48-4446-AC58-D60BBDCD445A}.Debug|x86.ActiveCfg = Debug|Win32
		{ACEFFD7D-2E48-4446-AC58-D60BBDCD445A}.Debug|x86.Build.0 = Debug|Win32
		{ACEFFD7D-2E48-4446-AC58-D60BBDCD445A}.Release|x64.ActiveCfg = Release|x64
		{ACEFFD7D-2E48-4446-AC58-D60BBDCD445A}.Release|x64.Build.0 = Release|x64
		{ACEFFD7D-2E48-4446-AC58-D60BBDCD445A}.Release|x86.ActiveCfg = Release|Win32
		{ACEFFD7D-2E48-4446-AC58-D60BBDCD445A}.Release|x86.Build.0 = Release|Win32
		{49CF7ECD-2EF0-4B2D-AFCA-BD788A762404}.Debug|x64.ActiveCfg = Debug|x64
		{49CF7ECD-2EF0-4B2D-AFCA-BD788A762404}.Debug|x64.Build.0 = Debug|x64
		{49CF7ECD-2EF0-4B2D-AFCA-BD788A762404}.Debug|x86.ActiveCfg = Debug|Win32
		{49CF7ECD-2EF0-4B2D-AFCA-BD788A762404}.Debug|x86.Build.0 = Debug|Win32
		{49CF7ECD-2EF0-4B2D-AFCA-BD788A762404}.Release|x64.ActiveCfg = Release|x64
		{49CF7ECD-2EF0-4B2D-AFCA-BD788A762404}.Release|x64.Build.0 = Release|x64
		{49CF7ECD-2EF0-4B2D-AFCA-BD788A762404}.Release|x86.ActiveCfg = Release|Win32
		{49CF7ECD-2EF0-4B2D-AFCA-BD788A762404}.Release|x86.Build.0 = Release|Win32
		{FE5B99D3-F6AD-4498-81C0-CF602D9C7A1F}.Debug|x64.ActiveCfg = Debug|x64
		{FE5B99D3-F6AD-4498-81C0-CF602D9C7A1F}.Debug|x64.Build.0 = Debug|x64
		{FE5B99D3-F6AD-4498-81C0-CF602D9C7A1F}.Debug|x86.ActiveCfg = Debug|Win32
		{FE5B99D3-F6AD-4498-81C0-CF602D9C7A1F}.Debug|x86.Build.0 = Debug|Win32
		{FE5B99D3-F6AD-4498-81C0-CF602D9C7A1F}.Release|x64.ActiveCfg = Release|x64
		{FE5B99D3-F6AD-4498-81C0-CF602D9C7A1F}.Release|x64.Build.0 = Release|x64
		{FE5B99D3-F6AD-4498-81C0-CF602D9C7A1F}.Release|x86.ActiveCfg = Release|Win32
		{FE5B99D3-F6AD-4498-81C0-CF602D9C7A1F}.Release|x86.Build.0 = Release|Win32
		{2909D51F-B044-454C-A5E4-3DD82A2EFBA1}.Debug|x64.ActiveCfg = Debug|x64
		{2909D51F-B044-454C-A5E4-3DD82A2EFBA1}.Debug|x64.Build.0 = Debug|x64
		{2909D51F-B044-454C-A5E4-3DD82A2EFBA1}.Debug|x86.ActiveCfg = Debug|Win32
		{2909D51F-B044-454C-A5E4-3DD82A2EFBA1}.Debug|x86.Build.0 = Debug|Win32
		{2909D51F-B044-454C-A5E4-3DD82A2EFBA1}.Release|x64.ActiveCfg = Release|x64
		{2909D51F-B044-454C-A5E4-3DD82A2EFBA1}.Release|x64.Build.0 = Release|x64
		{2909D51F-B044-454C-A5E4-3DD82A2EFBA1}.Release|x86.ActiveCfg = Release|Win32
		{2909D51F-B044-454C-A5E4-3DD82A2EFBA1}.Release|x86.Build.0 = Release|Win32
		{B4BBB6A8-C016-4C13-9432-03C67F885555}.Debug|x64.ActiveCfg = Debug|x64
		{B4BBB6A8-C016-4C13-9432-03C67F885555}.Debug|x64.Build.0 = Debug|x64
		{B4BBB6A8-C016-4C13-9432-03C67F885555}.Debug|x86.ActiveCfg = Debug|Win32
		{B4BBB6A8-C016-4C13-9432-03C67F885555}.Debug|x86.Build.0 = Debug|Win32
		{B4BBB6A8-C016-4C13-9432-03C67F885555}.Release|x64.ActiveCfg = Release|x64
		{B4BBB6A8-C016-4C13-9432-03C67F885555}.Release|x64.Build.0 = Release|x64
		{B4BBB6A8-C016-4C13-9432-03C67F885555}.Release|x86.ActiveCfg = Release|Win32
		{B4BBB6A8-C016-4C13-9432-03C67F885555}.Release|x86.Build.0 = Release|Win32
		{D6654AB3-2630-450A-9390-12F3D96A5E7D}.Debug|x64.ActiveCfg = Debug|x64
		{D6654AB3-2630-450A-9390-12F3D96A5E7D}.Debug|x64.Build.0 = Debug|x64
		{D6654AB3-2630-450A-9390-12F3D96A5E7D}.Debug|x86.ActiveCfg = Debug|Win32
		{D6654AB3-2630-450A-9390-12F3D96A5E7D}.Debug|x86.Build.0 = Debug|Win32
		{D6654AB3-2630-450A-9390-12F3D96A5E7D}.Release|x64.ActiveCfg = Release|x64
		{D6654AB3-2630-450A-9390-12F3D96A5E7D}.Release|x64.Build.0 = Release|x64
		{D6654AB3-2630-450A-9390-12F3D96A5E7D}.Release|x86.ActiveCfg = Release|Win32
		{D6654AB3-2630-450A-9390-12F3D96A5E7D}.Release|x86.Build.0 = Release|Win32
		{3D6DAE38-319C-42A0-97DA-D4AE8B12EDF0}.Debug|x64.ActiveCfg = Debug|x64
		{3D6DAE38-319C-42A0-97DA-D4AE8B12EDF0}.Debug|x64.Build.0 = Debug|x64
		{3D6DAE38-319C-42A0-97DA-D4AE8B12EDF0}.Debug|x86.ActiveCfg = Debug|Win32
		{3D6DAE38-319C-42A0-97DA-D4AE8B12EDF0}.Debug|x86.Build.0 = Debug|Win32
		{3D6DAE38-319C-42A0-97DA-D4AE8B12EDF0}.Release|x64.ActiveCfg = Release|x64
		{3D6DAE38-319C-42A0-97DA-D4AE8B12EDF0}.Release|x64.Build.0 = Release|x64
		{3D6DAE38-319C-42A0-97DA-D4AE8B12EDF0}.Release|x86.ActiveCfg = Release|Win32
		{3D6DAE38-319C-42A0-97DA-D4AE8B12EDF0}.Release|x86.Build.0 = Release|Win32
		{4B40D298-12A5-4D31-803F-AA3F3882555E}.Debug|x64.ActiveCfg = Debug|x64
		{4B40D298-12A5-4D31-803F-AA3F3882555E}.Debug|x64.Build.0 = Debug|x64
		{4B40D298-12A5-4D31-803F-AA3F3882555E}.Debug|x86.ActiveCfg = Debug|Win32
		{4B40D298-12A5-4D31-803F-AA3F3882555E}.Debug|x86.Build.0 = Debug|Win32
		{4B40D298-12A5-4D31-803F-AA3F3882555E}.Release|x64.ActiveCfg = Release|x64
		{4B40D298-12A5-4D31-803F-AA3F3882555E}.Release|x64.Build.0 = Release|x64
		{4B40D298-12A5-4D31-803F-AA3F3882555E}.Release|x86.ActiveCfg = Release|Win32
		{4B40D298-12A5-4D31-803F-AA3F3882555E}.Release|x86.Build.0 = Release|Win32
		{18F66EDC-F106-434E-93A3-68702F472856}.Debug|x64.ActiveCfg = Debug|x64
		{18F66EDC-F106-434E-93A3-68702F472856}.Debug|x64.Build.0 = Debug|x64
		{18F66EDC-F106-434E-93A3-68702F472856}.Debug|x86.ActiveCfg = Debug|Win32
		{18F66EDC-F106-434E-93A3-68702F472856}.Debug|x86.Build.0 = Debug|Win32
		{18F66EDC-F106-434E-93A3-68702F472856}.Release|x64.ActiveCfg = Release|x64
		{18F66EDC-F106-434E-93A3-68702F472856}.Release|x64.Build.0 = Release|x64
		{18F66EDC-F106-434E-93A3-68702F472856}.Release|x86.ActiveCfg = Release|Win32
		{18F66EDC-F106-434E-93A3-68702F472856}.Release|x86.Build.0 = Release|Win32
		{4F2131E3-F30D-41B7-88CA-E726108C2993}.Debug|x64.ActiveCfg = Debug|x64
		{4F2131E3-F30D-41B7-88CA-E726108C2993}.Debug|x64.Build.0 = Debug|x64
		{4F2131E3-F30D-41B7-88CA-E726108C2993}.Debug|x86.ActiveCfg = Debug|Win32
		{4F2131E3-F30D-41B7-88CA-E726108C2993}.Debug|x86.Build.0 = Debug|Win32
		{4F2131E3-F30D-41B7-88CA-E726108C2993}.Release|x64.ActiveCfg = Release|x64
		{4F2131E3-F30D-41B7-88CA-E726108C2993}.Release|x64.Build.0 = Release|x64
		{4F2131E3-F30D-41B7-88CA-E726108C2993}.Release|x86.ActiveCfg = Release|Win32
		{4F2131E3-F30D-41B7-88CA-E726108C2993}.Release|x86.Build.0 = Release|Win32
		{78BCA4D9-D57E-4731-ADEA-B033B449B94A}.Debug|x64.ActiveCfg = Debug|x64
		{78BCA4D9-D57E-4731-ADEA-B033B449B94A}.Debug|x64.Build.0 = Debug|x64
		{78BCA4D9-D57E-4731-ADEA-B033B449B94A}.Debug|x86.ActiveCfg = Debug|Win32
		{78BCA4D9-D57E-4731-ADEA-B033B449B94A}.Debug|x86.Build.0 = Debug|Win32
		{78BCA4D9-D57E-4731-ADEA-B033B449B94A}.Release|x64.ActiveCfg = Release|x64
		{78BCA4D9-D57E-4731-ADEA-B033B449B94A}.Release|x64.Build.0 = Release|x64
		{78BCA4D9-D57E-4731-ADEA-B033B449B94A}.Release|x86.ActiveCfg = Release|Win32
		{78BCA4D9-D57E-4731-ADEA-B033B449B94A}.Release|x86.Build.0 = Release|Win32
		{3B0FD56E-34C1-4E53-AF30-D1F295AE1E56}.Debug|x64.ActiveCfg = Debug|x64
		{3B0FD56E-34C1-4E53-AF30-D1F295AE1E56}.Debug|x64.Build.0 = Debug|x64
		{3B0FD56E-34C1-4E53-AF30-D1F295AE1E56}.Debug|x86.ActiveCfg = Debug|Win32
		{3B0FD56E-34C1-4E53-AF30-D1F295AE1E56}.Debug|x86.Build.0 = Debug|Win32
		{3B0FD56E-34C1-4E53-AF30-D1F295AE1E56}.Release|x64.ActiveCfg = Release|x64
		{3B0FD56E-34C1-4E53-AF30-D1F295AE1E56}.Release|x64.Build.0 = Release|x64
		{3B0FD56E-34C1-4E53-AF30-D1F295AE1E56}.Release|x86.ActiveCfg = Release|Win32
		{3B0FD56E-34C1-4E53-AF30-D1F295AE1E56}.Release|x86.Build.0 = Release|Win32
		{135687F0-F609-4FE9-B086-A95F1595A256}.Debug|x64.ActiveCfg = Debug|x64
		{135687F0-F609-4FE9-B086-A95F1595A256}.Debug|x64.Build.0 = Debug|x64
		{135687F0-F609-4FE9-B086-A95F1595A256}.Debug|x86.ActiveCfg = Debug|Win32
		{135687F0-F609-4FE9-B086-A95F1595A256}.Debug|x86.Build.0 = Debug|Win32
		{135687F0-F609-4FE9-B086-A95F1595A256}.Release|x64.ActiveCfg = Release|x64
		{135687F0-F609-4FE9-B086-A95F1595A256}.Release|x64.Build.0 = Release|x64
		{135687F0-F609-4FE9-B086-A95F1595A256}.Release|x86.ActiveCfg = Release|Win32
		{135687F0-F609-4FE9-B086-A95F1595A256}.Release|x86.Build.0 = Release|Win32
		{3A92824B-A08F-446A-8EFD-2A79BC1F80E7}.Debug|x64.ActiveCfg = Debug|x64
		{3A92824B-A08F-446A-8EFD-2A79BC1F80E7}.Debug|x64.Build.0 = Debug|x64
		{3A92824B-A08F-446A-8EFD-2A79BC1F80E7}.Debug|x86.ActiveCfg = Debug|Win32
		{3A92824B-A08F-446A-8EFD-2A79BC1F80E7}.Debug|x86.Build.0 = Debug|Win32
		{3A92824B-A08F-446A-8EFD-2A79BC1F80E7}.Release|x64.ActiveCfg = Release|x64
		{3A92824B-A08F-446A-8EFD-2A79BC1F80E7}.Release|x64.Build.0 = Release|x64
		{3A92824B-A08F-446A-8EFD-2A79BC1F80E7}.Release|x86.ActiveCfg = Release|Win32
		{3A92824B-A08F-446A-8EFD-2A79BC1F80E7}.Release|x86.Build.0 = Release|Win32
		{98DD913F-ED5E-4DED-B876-D9C12DF7B76E}.Debug|x64.ActiveCfg = Debug|x64
		{98DD913F-ED5E-4DED-B876-D9C12DF7B76E}.Debug|x64.Build.0 = Debug|x64
		{98DD913F-ED5E-4DED-B876-D9C12DF7B76E}.Debug|x86.ActiveCfg = Debug|Win32
		{98DD913F-ED5E-4DED-B876-D9C12DF7B76E}.Debug|x86.Build.0 = Debug|Win32
		{98DD913F-ED5E-4DED-B876-D9C12DF7B76E}.Release|x64.ActiveCfg = Release|x64
		{98DD913F-ED5E-4DED-B876-D9C12DF7B76E}.Release|x64.Build.0 = Release|x64
		{98DD913F-ED5E-4DED-B876-D9C12DF7B76E}.Release|x86.ActiveCfg = Release|Win32
		{98DD913F-ED5E-4DED-B876-D9C12DF7B76E}.Release|x86.Build.0 = Release|Win32
		{DFBFDB36-5E38-4F4C-BA89-1F26B2E08E01}.Debug|x64.ActiveCfg = Debug|x64
		{DFBFDB36-5E38-4F4C-BA89-1F26B2E08E01}.Debug|x64.Build.0 = Debug|x64
		{DFBFDB36-5E38-4F4C-BA89-1F26B2E08E01}.Debug|x86.ActiveCfg = Debug|Win32
		{DFBFDB36-5E38-4F4C-BA89-1F26B2E08E01}.Debug|x86.Build.0 = Debug|Win32
		{DFBFDB36-5E38-4F4C-BA89-1F26B2E08E01}.Release|x64.ActiveCfg = Release|x64
		{DFBFDB36-5E38-4F4C-BA89-1F26B2E08E01}.Release|x64.Build.0 = Release|x64
		{DFBFDB36-5E38-4F4C-BA89-1F26B2E08E01}.Release|x86.ActiveCfg = Release|Win32
		{DFBFDB36-5E38-4F4C-BA89-1F26B2E08E01}.Release|x86.Build.0 = Release|Win32
		{BE2D9E64-DB5D-4481-A9C6-815FE3A6ADBE}.Debug|x64.ActiveCfg = Debug|x64
		{BE2D9E64-DB5D-4481-A9C6-815FE3A6ADBE}.Debug|x64.Build.0 = Debug|x64
		{BE2D9E64-DB5D-4481-A9C6-815FE3A6ADBE}.Debug|x86.ActiveCfg = Debug|Win32
		{BE2D9E64-DB5D-4481-A9C6-815FE3A6ADBE}.Debug|x86.Build.0 = Debug|Win32
		{BE2D9E64-DB5D-4481-A9C6-815FE3A6ADBE}.Release|x64.ActiveCfg = Release|x64
		{BE2D9E64-DB5D-4481-A9C6-815FE3A6ADBE}.Release|x64.Build.0 = Release|x64
		{BE2D9E64-DB5D-4481-A9C6-815FE3A6ADBE}.Release|x86.ActiveCfg = Release|Win32
		{BE2D9E64-DB5D-4481-A9C6-815FE3A6ADBE}.Release|x86.Build.0 = Release|Win32
		{926670FB-F217-4AF9-BE15-18656B7DABFB}.Debug|x64.ActiveCfg = Debug|x64
		{926670FB-F217-4AF9-BE15-18656B7DABFB}.Debug|x64.Build.0 = Debug|x64
		{926670FB-F217-4AF9-BE15-18656B7DABFB}.Debug|x86.ActiveCfg = Debug|Win32
		{926670FB-F217-4AF9-BE15-18656B7DABFB}.Debug|x86.Build.0 = Debug|Win32
		{926670FB-F217-4AF9-BE15-18656B7DABFB}.Release|x64.ActiveCfg = Release|x64
		{926670FB-F217-4AF9-BE15-18656B7DABFB}.Release|x64.Build.0 = Release|x64
		{926670FB-F217-4AF9-BE15-18656B7DABFB}.Release|x86.ActiveCfg = Release|Win32
		{926670FB-F217-4AF9-BE15-18656B7DABFB}.Release|x86.Build.0 = Release|Win32
		{F917659B-19B7-4087-962A-0CBF0ABA3183}.Debug|x64.ActiveCfg = Debug|x64
		{F917659B-19B7-4087-962A-0CBF0ABA3183}.Debug|x64.Build.0 = Debug|x64
		{F917659B-19B7-4087-962A-0CBF0ABA3183}.Debug|x86.ActiveCfg = Debug|Win32
		{F917659B-19B7-4087-962A-0CBF0ABA3183}.Debug|x86.Build.0 = Debug|Win32
		{F917659B-19B7-4087-962A-0CBF0ABA3183}.Release|x64.ActiveCfg = Release|x64
		{F917659B-19B7-4087-962A-0CBF0ABA3183}.Release|x64.Build.0 = Release|x64
		{F917659B-19B7-4087-962A-0CBF0ABA3183}.Release|x86.ActiveCfg = Release|Win32
		{F917659B-19B7-4087-962A-0CBF0ABA3183}.Release|x86.Build.0 = Release|Win32
		{C52A7897-761E-4ED7-99EF-24EF48B7EEC9}.Debug|x64.ActiveCfg = Debug|x64
		{C52A7897-761E-4ED7-99EF-24EF48B7EEC9}.Debug|x64.Build.0 = Debug|x64
		{C52A7897-761E-4ED7-99EF-24EF48B7EEC9}.Debug|x86.ActiveCfg = Debug|Win32
		{C52A7897-761E-4ED7-99EF-24EF48B7EEC9}.Debug|x86.Build.0 = Debug|Win32
		{C52A7897-761E-4ED7-99EF-24EF48B7EEC9}.Release|x64.ActiveCfg = Release|x64
		{C52A7897-761E-4ED7-99EF-24EF48B7EEC9}.Release|x64.Build.0 = Release|x64
		{C52A7897-761E-4ED7-99EF-24EF48B7EEC9}.Release|x86.ActiveCfg = Release|Win32
		{C52A7897-761E-4ED7-99EF-24EF48B7EEC9}.Release|x86.Build.0 = Release|Win32
		{04DB59E8-102A-4EC8-89EE-62E9959FBA3F}.Debug|x64.ActiveCfg = Debug|x64
		{04DB59E8-102A-4EC8-89EE-62E9959FBA3F}.Debug|x64.Build.0 = Debug|x64
		{04DB59E8-102A-4EC8-89EE-62E9959FBA3F}.Debug|x86.ActiveCfg = Debug|Win32
		{04DB59E8-102A-4EC8-89EE-62E9959FBA3F}.Debug|x86.Build.0 = Debug|Win32
		{04DB59E8-102A-4EC8-89EE-62E9959FBA3F}.Release|x64.ActiveCfg = Release|x64
		{04DB59E8-102A-4EC8-89EE-62E9959FBA3F}.Release|x64.Build.0 = Release|x64
		{04DB59E8-102A-4EC8-89EE-62E9959FBA3F}.Release|x86.ActiveCfg = Release|Win32
		{04DB59E8-102A-4EC8-89EE-62E9959FBA3F}.Release|x86.Build.0 = Release|Win32
		{160FE136-2D6D-45EF-B62B-7B5281C57CAA}.Debug|x64.ActiveCfg = Debug|x64
		{160FE136-2D6D-45EF-B62B-7B5281C57CAA}.Debug|x64.Build.0 = Debug|x64
		{160FE136-2D6D-45EF-B62B-7B5281C57CAA}.Debug|x86.ActiveCfg = Debug|Win32
		{160FE136-2D6D-45EF-B62B-7B5281C57CAA}.Debug|x86.Build.0 = Debug|Win32
		{160FE136-2D6D-45EF-B62B-7B5281C57CAA}.Release|x64.ActiveCfg = Release|x64
		{160FE136-2D6D-45EF-B62B-7B5281C57CAA}.Release|x64.Build.0 = Release|x64
		{160FE136-2D6D-45EF-B62B-7B5281C57CAA}.Release|x86.ActiveCfg = Release|Win32
		{160FE136-2D6D-45EF-B62B-7B5281C57CAA}.Release|x86.Build.0 = Release|Win32
		{9438D2CF-A662-40C8-BBEA-8922BD5962E2}.Debug|x64.ActiveCfg = Debug|x64
		{9438D2CF-A662-40C8-BBEA-8922BD5962E2}.Debug|x64.Build.0 = Debug|x64
		{9438D2CF-A662-40C8-BBEA-8922BD5962E2}.Debug|x86.ActiveCfg = Debug|Win32
		{9438D2CF-A662-40C8-BBEA-8922BD5962E2}.Debug|x86.Build.0 = Debug|Win32
		{9438D2CF-A662-40C8-BBEA-8922BD5962E2}.Release|x64.ActiveCfg = Release|x64
		{9438D2CF-A662-40C8-BBEA-8922BD5962E2}.Release|x64.Build.0 = Release|x64
		{9438D2CF-A662-40C8-BBEA-8922BD5962E2}.Release|x86.ActiveCfg = Release|Win32
		{9438D2CF-A662-40C8-BBEA-8922BD5962E2}.Release|x86.Build.0 = Release|Win32
		{77F14CD2-BA2E-48D7-939B-9FF061A7DE48}.Debug|x64.ActiveCfg = Debug|x64
		{77F14CD2-BA2E-48D7-939B-9FF061A7DE48}.Debug|x64.Build.0 = Debug|x64
		{77F14CD2-BA2E-48D7-939B-9FF061A7DE48}.Debug|x86.ActiveCfg = Debug|Win32
		{77F14CD2-BA2E-48D7-939B-9FF061A7DE48}.Debug|x86.Build.0 = Debug|Win32
		{77F14CD2-BA2E-48D7-939B-9FF061A7DE48}.Release|x64.ActiveCfg = Release|x64
		{77F14CD2-BA2E-48D7-939B-9FF061A7DE48}.Release|x64.Build.0 = Release|x64
		{77F14CD2-BA2E-48D7-939B-9FF061A7DE48}.Release|x86.ActiveCfg = Release|Win32
		{77F14CD2-BA2E-48D7-939B-9FF061A7DE48}.Release|x86.Build.0 = Release|Win32
		{BAAE19BD-7D1F-4E61-BA38-D80E8B5C9233}.Debug|x64.ActiveCfg = Debug|x64
		{BAAE19BD-7D1F-4E61-BA38-D80E8B5C9233}.Debug|x64.Build.0 = Debug|x64
		{BAAE19BD-7D1F-4E61-BA38-D80E8B5C9233}.Debug|x86.ActiveCfg = Debug|Win32
		{BAAE19BD-7D1F-4E61-BA38-D80E8B5C9233}.Debug|x86.Build.0 = Debug|Win32
		{BAAE19BD-7D1F-4E61-BA38-D80E8B5C9233}.Release|x64.ActiveCfg = Release|x64
		{BAAE19BD-7D1F-4E61-BA38-D80E8B5C9233}.Release|x64.Build.0 = Release|x64
		{BAAE19BD-7D1F-4E61-BA38-D80E8B5C9233}.Release|x86.ActiveCfg = Release|Win32
		{BAAE19BD-7D1F-4E61-BA38-D80E8B5C9233}.Release|x86.Build.0 = Release|Win32
		{280DCCC7-D994-4DB7-88A8-89CE0514D8AB}.Debug|x64.ActiveCfg = Debug|x64
		{280DCCC7-D994-4DB7-88A8-89CE0514D8AB}.Debug|x64.Build.0 = Debug|x64
		{280DCCC7-D994-4DB7-88A8-89CE0514D8AB}.Debug|x86.ActiveCfg = Debug|Win32
		{280DCCC7-D994-4DB7-88A8-89CE0514D8AB}.Debug|x86.Build.0 = Debug|Win32
		{280DCCC7-D994-4DB7-88A8-89CE0514D8AB}.Release|x64.ActiveCfg = Release|x64
		{280DCCC7-D994-4DB7-88A8-89CE0514D8AB}.Release|x64.Build.0 = Release|x64
		{280DCCC7-D994-4DB7-88A8-89CE0514D8AB}.Release|x86.ActiveCfg = Release|Win32
		{280DCCC7-D994-4DB7-88A8-89CE0514D8AB}.Release|x86.Build.0 = Release|Win32
		{1666795F-4497-4D67-8203-206E2CBEA980}.Debug|x64.ActiveCfg = Debug|x64
		{1666795F-4497-4D67-8203-206E2CBEA980}.Debug|x64.Build.0 = Debug|x64
		{1666795F-4497-4D67-8203-206E2CBEA980}.Debug|x86.ActiveCfg = Debug|Win32
		{1666795F-4497-4D67-8203-206E2CBEA980}.Debug|x86.Build.0 = Debug|Win32
		{1666795F-4497-4D67-8203-206E2CBEA980}.Release|x64.ActiveCfg = Release|x64
		{1666795F-4497-4D67-8203-206E2CBEA980}.Release|x64.Build.0 = Release|x64
		{1666795F-4497-4D67-8203-206E2CBEA980}.Release|x86.ActiveCfg = Release|Win32
		{1666795F-4497-4D67-8203-206E2CBEA980}.Release|x86.Build.0 = Release|Win32
		{B5F4C038-9FFB-4FE9-8F01-EB5941C8B7D5}.Debug|x64.ActiveCfg = Debug|x64
		{B5F4C038-9FFB-4FE9-8F01-EB5941C8B7D5}.Debug|x64.Build.0 = Debug|x64
		{B5F4C038-9FFB-4FE9-8F01-EB5941C8B7D5}.Debug|x86.ActiveCfg = Debug|Win32
		{B5F4C038-9FFB-4FE9-8F01-EB5941C8B7D5}.Debug|x86.Build.0 = Debug|Win32
		{B5F4C038-9FFB-4FE9-8F01-EB5941C8B7D5}.Release|x64.ActiveCfg = Release|x64
		{B5F4C038-9FFB-4FE9-8F01-EB5941C8B7D5}.Release|x64.Build.0 = Release|x64
		{B5F4C038-9FFB-4FE9-8F01-EB5941C8B7D5}.Release|x86.ActiveCfg = Release|Win32
		{B5F4C038-9FFB-4FE9-8F01-EB5941C8B7D5}.Release|x86.Build.0 = Release|Win32
		{0E2804A5-3D59-4FDA-AA7B-DD4314277C22}.Debug|x64.ActiveCfg = Debug|x64
		{0E2804A5-3D59-4FDA-AA7B-DD4314277C22}.Debug|x64.Build.0 = Debug|x64
		{0E2804A5-3D59-4FDA-AA7B-DD4314277C22}.Debug|x86.ActiveCfg = Debug|Win32
		{0E2804A5-3D59-4FDA-AA7B-DD4314277C22}.Debug|x86.Build.0 = Debug|Win32
		{0E2804A5-3D59-4FDA-AA7B-DD4314277C22}.Release|x64.ActiveCfg = Release|x64
		{0E2804A5-3D59-4FDA-AA7B-DD4314277C22}.Release|x64.Build.0 = Release|x64
		{0E2804A5-3D59-4FDA-AA7B-DD4314277C22}.Release|x86.ActiveCfg = Release|Win32
		{0E2804A5-3D59-4FDA-AA7B-DD4314277C22}.Release|x86.Build.0 = Release|Win32
		{DB91AE6C-99B9-451C-8823-25C1F55E53C8}.Debug|x64.ActiveCfg = Debug|x64
		{DB91AE6C-99B9-451C-8823-25C1F55E53C8}.Debug|x64.Build.0 = Debug|x64
		{DB91AE6C-99B9-451C-8823-25C1F55E53C8}.Debug|x86.ActiveCfg = Debug|Win32
		{DB91AE6C-99B9-451C-8823-25C1F55E53C8}.Debug|x86.Build.0 = Debug|Win32
		{DB91AE6C-99B9-451C-8823-25C1F55E53C8}.Release|x64.ActiveCfg = Release|x64
		{DB91AE6C-99B9-451C-8823-25C1F55E53C8}.Release|x64.Build.0 = Release|x64
		{DB91AE6C-99B9-451C-8823-25C1F55E53C8}.Release|x86.ActiveCfg = Release|Win32
		{DB91AE6C-99B9-451C-8823-25C1F55E53C8}.Release|x86.Build.0 = Release|Win32
		{3258A151-737F-4CF1-AB67-49C0D3CE682B}.Debug|x64.ActiveCfg = Debug|x64
		{3258A151-737F-4CF1-AB67-49C0D3CE682B}.Debug|x64.Build.0 = Debug|x64
		{3258A151-737F-4CF1-AB67-49C0D3CE682B}.Debug|x86.ActiveCfg = Debug|Win32
		{3258A151-737F-4CF1-AB67-49C0D3CE682B}.Debug|x86.Build.0 = Debug|Win32
		{3258A151-737F-4CF1-AB67-49C0D3CE682B}.Release|x64.ActiveCfg = Release|x64
		{3258A151-737F-4CF1-AB67-49C0D3CE682B}.Release|x64.Build.0 = Release|x64
		{3258A151-737F-4CF1-AB67-49C0D3CE682B}.Release|x86.ActiveCfg = Release|Win32
		{3258A151-737F-4CF1-AB67-49C0D3CE682B}.Release|x86.Build.0 = Release|Win32
		{B8A19EF4-B2CA-4881-B5D3-8CB7E5B4BD0B}.Debug|x64.ActiveCfg = Debug|x64
		{B8A19EF4-B2CA-4881-B5D3-8CB7E5B4BD0B}.Debug|x64.Build.0 = Debug|x64
		{B8A19EF4-B2CA-4881-B5D3-8CB7E5B4BD0B}.Debug|x86.ActiveCfg = Debug|Win32
		{B8A19EF4-B2CA-4881-B5D3-8CB7E5B4BD0B}.Debug|x86.Build.0 = Debug|Win32
		{B8A19EF4-B2CA-4881-B5D3-8CB7E5B4BD0B}.Release|x64.ActiveCfg = Release|x64
		{B8A19EF4-B2CA-4881-B5D3-8CB7E5B4BD0B}.Release|x64.Build.0 = Release|x64
		{B8A19EF4-B2CA-4881-B5D3-8CB7E5B4BD0B}.Release|x86.ActiveCfg = Release|Win32
		{B8A19EF4-B2CA-4881-B5D3-8CB7E5B4BD0B}.Release|x86.Build.0 = Release|Win32
		{B446E6FA-2DBC-4687-BFD8-E32D96E850D0}.Debug|x64.ActiveCfg = Debug|x64
		{B446E6FA-2DBC-4687-BFD8-E32D96E850D0}.Debug|x64.Build.0 = Debug|x64
		{B446E6FA-2DBC-4687-BFD8-E32D96E850D0}.Debug|x86.ActiveCfg = Debug|Win32
		{B446E6FA-2DBC-4687-BFD8-E32D96E850D0}.Debug|x86.Build.0 = Debug|Win32
		{B446E6FA-2DBC-4687-BFD8-E32D96E850D0}.Release|x64.ActiveCfg = Release|x64
		{B446E6FA-2DBC-4687-BFD8-E32D96E850D0}.Release|x64.Build.0 = Release|x64
		{B446E6FA-2DBC-4687-BFD8-E32D96E850D0}.Release|x86.ActiveCfg = Release|Win32
		{B446E6FA-2DBC-4687-BFD8-E32D96E850D0}.Release|x86.Build.0 = Release|Win32
		{3A3D21E6-9366-412A-83BB-A768F822A54E}.Debug|x64.ActiveCfg = Debug|x64
		{3A3D21E6-9366-412A-83BB-A768F822A54E}.Debug|x64.Build.0 = Debug|x64
		{3A3D21E6-9366-412A-83BB-A768F822A54E}.Debug|x86.ActiveCfg = Debug|Win32
		{3A3D21E6-9366-412A-83BB-A768F822A54E}.Debug|x86.Build.0 = Debug|Win32
		{3A3D21E6-9366-412A-83BB-A768F822A54E}.Release|x64.ActiveCfg = Release|x64
		{3A3D21E6-9366-412A-83BB-A768F822A54E}.Release|x64.Build.0 = Release|x64
		{3A3D21E6-9366-412A-83BB-A768F822A54E}.Release|x86.ActiveCfg = Release|Win32
		{3A3D21E6-9366-412A-83BB-A768F822A54E}.Release|x86.Build.0 = Release|Win32
		{F76426D8-6074-458E-A6A6-ABBF4D920611}.Debug|x64.ActiveCfg = Debug|x64
		{F76426D8-6074-458E-A6A6-ABBF4D920611}.Debug|x64.Build.0 = Debug|x64
		{F76426D8-6074-458E-A6A6-ABBF4D920611}.Debug|x86.ActiveCfg = Debug|Win32
		{F76426D8-6074-458E-A6A6-ABBF4D920611}.Debug|x86.Build.0 = Debug|Win32
		{F76426D8-6074-458E-A6A6-ABBF4D920611}.Release|x64.ActiveCfg = Release|x64
		{F76426D8-6074-458E-A6A6-ABBF4D920611}.Release|x64.Build.0 = Release|x64
		{F76426D8-6074-458E-A6A6-ABBF4D920611}.Release|x86.ActiveCfg = Release|Win32
		{F76426D8-6074-458E-A6A6-ABBF4D920611}.Release|x86.Build.0 = Release|Win32
		{88588E6F-3F56-45C8-8DF6-6FDE47127111}.Debug|x64.ActiveCfg = Debug|x64
		{88588E6F-3F56-45C8-8DF6-6FDE47127111}.Debug|x64.Build.0 = Debug|x64
		{88588E6F-3F56-45C8-8DF6-6FDE47127111}.Debug|x86.ActiveCfg = Debug|Win32
		{88588E6F-3F56-45C8-8DF6-6FDE47127111}.Debug|x86.Build.0 = Debug|Win32
		{88588E6F-3F56-45C8-8DF6-6FDE47127111}.Release|x64.ActiveCfg = Release|x64
		{88588E6F-3F56-45C8-8DF6-6FDE47127111}.Release|x64.Build.0 = Release|x64
		{88588E6F-3F56-45C8-8DF6-6FDE47127111}.Release|x86.ActiveCfg = Release|Win32
		{88588E6F-3F56-45C8-8DF6-6FDE47127111}.Release|x86.Build.0 = Release|Win32
		{29A2FD74-9DAF-4AC0-9D65-EC25DC521BDA}.Debug|x64.ActiveCfg = Debug|x64
		{29A2FD74-9DAF-4AC0-9D65-EC25DC521BDA}.Debug|x64.Build.0 = Debug|x64
		{29A2FD74-9DAF-4AC0-9D65-EC25DC521BDA}.Debug|x86.ActiveCfg = Debug|Win32
		{29A2FD74-9DAF-4AC0-9D65-EC25DC521BDA}.Debug|x86.Build.0 = Debug|Win32
		{29A2FD74-9DAF-4AC0-9D65-EC25DC521BDA}.Release|x64.ActiveCfg = Release|x64
		{29A2FD74-9DAF-4AC0-9D65-EC25DC521BDA}.Release|x64.Build.0 = Release|x64
		{29A2FD74-9DAF-4AC0-9D65-EC25DC521BDA}.Release|x86.ActiveCfg = Release|Win32
		{29A2FD74-9DAF-4AC0-9D65-EC25DC521BDA}.Release|x86.Build.0 = Release|Win32
		{0C7847B3-B738-4F1B-87B5-7B9E5BBDEEC0}.Debug|x64.ActiveCfg = Debug|x64
		{0C7847B3-B738-4F1B-87B5-7B9E5BBDEEC0}.Debug|x64.Build.0 = Debug|x64
		{0C7847B3-B738-4F1B-87B5-7B9E5BBDEEC0}.Debug|x86.ActiveCfg = Debug|Win32
		{0C7847B3-B738-4F1B-87B5-7B9E5BBDEEC0}.Debug|x86.Build.0 = Debug|Win32
		{0C7847B3-B738-4F1B-87B5-7B9E5BBDEEC0}.Release|x64.ActiveCfg = Release|x64
		{0C7847B3-B738-4F1B-87B5-7B9E5BBDEEC0}.Release|x64.Build.0 = Release|x64
		{0C7847B3-B738-4F1B-87B5-7B9E5BBDEEC0}.Release|x86.ActiveCfg = Release|Win32
		{0C7847B3-B738-4F1B-87B5-7B9E5BBDEEC0}.Release|x86.Build.0 = Release|Win32
		{10B85BC7-FC6B-406D-8331-7E2ECE8DD9AF}.Debug|x64.ActiveCfg = Debug|x64
		{10B85BC7-FC6B-406D-8331-7E2ECE8DD9AF}.Debug|x64.Build.0 = Debug|x64
		{10B85BC7-FC6B-406D-8331-7E2ECE8DD9AF}.Debug|x86.ActiveCfg = Debug|Win32
		{10B85BC7-FC6B-406D-8331-7E2ECE8DD9AF}.Debug|x86.Build.0 = Debug|Win32
		{10B85BC7-FC6B-406D-8331-7E2ECE8DD9AF}.Release|x64.ActiveCfg = Release|x64
		{10B85BC7-FC6B-406D-8331-7E2ECE8DD9AF}.Release|x64.Build.0 = Release|x64
		{10B85BC7-FC6B-406D-8331-7E2ECE8DD9AF}.Release|x86.ActiveCfg = Release|Win32
		{10B85BC7-FC6B-406D-8331-7E2ECE8DD9AF}.Release|x86.Build.0 = Release|Win32
		{115F830D-CA4C-42DF-BFB7-9F406A92BA39}.Debug|x64.ActiveCfg = Debug|x64
		{115F830D-CA4C-42DF-BFB7-9F406A92BA39}.Debug|x64.Build.0 = Debug|x64
		{115F830D-CA4C-42DF-BFB7-9F406A92BA39}.Debug|x86.ActiveCfg = Debug|Win32
		{115F830D-CA4C-42DF-BFB7-9F406A92BA39}.Debug|x86.Build.0 = Debug|Win32
		{115F830D-CA4C-42DF-BFB7-9F406A92BA39}.Release|x64.ActiveCfg = Release|x64
		{115F830D-CA4C-42DF-BFB7-9F406A92BA39}.Release|x64.Build.0 = Release|x64
		{115F830D-CA4C-42DF-BFB7-9F406A92BA39}.Release|x86.ActiveCfg = Release|Win32
		{115F830D-CA4C-42DF-BFB7-9F406A92BA39}.Release|x86.Build.0 = Release|Win32
		{34D06EEB-3BF4-4E4F-8B6F-8231E4333350}.Debug|x64.ActiveCfg = Debug|x64
		{34D06EEB-3BF4-4E4F-8B6F-8231E4333350}.Debug|x64.Build.0 = Debug|x64
		{34D06EEB-3BF4-4E4F-8B6F-8231E4333350}.Debug|x86.ActiveCfg = Debug|Win32
		{34D06EEB-3BF4-4E4F-8B6F-8231E4333350}.Debug|x86.Build.0 = Debug|Win32
		{34D06EEB-3BF4-4E4F-8B6F-8231E4333350}.Release|x64.ActiveCfg = Release|x64
		{34D06EEB-3BF4-4E4F-8B6F-8231E4333350}.Release|x64.Build.0 = Release|x64
		{34D06EEB-3BF4-4E4F-8B6F-8231E4333350}.Release|x86.ActiveCfg = Release|Win32
		{34D06EEB-3BF4-4E4F-8B6F-8231E4333350}.Release|x86.Build.0 = Release|Win32
		{71984AFA-F150-484D-929F-51B765D4D8E6}.Debug|x64.ActiveCfg = Debug|x64
		{71984AFA-F150-484D-929F-51B765D4D8E6}.Debug|x64.Build.0 = Debug|x64
		{71984AFA-F150-484D-929F-51B765D4D8E6}.Debug|x86.ActiveCfg = Debug|Win32
		{71984AFA-F150-484D-929F-51B765D4D8E6}.Debug|x86.Build.0 = Debug|Win32
		{71984AFA-F150-484D-929F-51B765D4D8E6}.Release|x64.ActiveCfg = Release|x64
		{71984AFA-F150-484D-929F-51B765D4D8E6}.Release|x64.Build.0 = Release|x64
		{71984AFA-F150-484D-929F-51B765D4D8E6}.Release|x86.ActiveCfg = Release|Win32
		{71984AFA-F150-484D-929F-51B765D4D8E6}.Release|x86.Build.0 = Release|Win32
		{9508C226-D5A5-45FA-B122-AF40209EEAEC}.Debug|x64.ActiveCfg = Debug|x64
		{9508C226-D5A5-45FA-B122-AF40209EEAEC}.Debug|x64.Build.0 = Debug|x64
		{9508C226-D5A5-45FA-B122-AF40209EEAEC}.Debug|x86.ActiveCfg = Debug|Win32
		{9508C226-D5A5-45FA-B122-AF40209EEAEC}.Debug|x86.Build.0 = Debug|Win32
		{9508C226-D5A5-45FA-B122-AF40209EEAEC}.Release|x64.ActiveCfg = Release|x64
		{9508C226-D5A5-45FA-B122-AF40209EEAEC}.Release|x64.Build.0 = Release|x64
		{9508C226-D5A5-45FA-B122-AF40209EEAEC}.Release|x86.ActiveCfg = Release|Win32
		{9508C226-D5A5-45FA-B122-AF40209EEAEC}.Release|x86.Build.0 = Release|Win32
		{285B1AC1-B99A-4774-A044-AE12F8D4D9AF}.Debug|x64.ActiveCfg = Debug|x64
		{285B1AC1-B99A-4774-A044-AE12F8D4D9AF}.Debug|x64.Build.0 = Debug|x64
		{285B1AC1-B99A-4774-A044-AE12F8D4D9AF}.Debug|x86.ActiveCfg = Debug|Win32
		{285B1AC1-B99A-4774-A044-AE12F8D4D9AF}.Debug|x86.Build.0 = Debug|Win32
		{285B1AC1-B99A-4774-A044-AE12F8D4D9AF}.Release|x64.ActiveCfg = Release|x64
		{285B1AC1-B99A-4774-A044-AE12F8D4D9AF}.Release|x64.Build.0 = Release|x64
		{285B1AC1-B99A-4774-A044-AE12F8D4D9AF}.Release|x86.ActiveCfg = Release|Win32
		{285B1AC1-B99A-4774-A044-AE12F8D4D9AF}.Release|x86.Build.0 = Release|Win32
		{7AD8AE28-23F1-4CBB-B175-96F15A2D9BBA}.Debug|x64.ActiveCfg = Debug|x64
		{7AD8AE28-23F1-4CBB-B175-96F15A2D9BBA}.Debug|x64.Build.0 = Debug|x64
		{7AD8AE28-23F1-4CBB-B175-96F15A2D9BBA}.Debug|x86.ActiveCfg = Debug|Win32
		{7AD8AE28-23F1-4CBB-B175-96F15A2D9BBA}.Debug|x86.Build.0 = Debug|Win32
		{7AD8AE28-23F1-4CBB-B175-96F15A2D9BBA}.Release|x64.ActiveCfg = Release|x64
		{7AD8AE28-23F1-4CBB-B175-96F15A2D9BBA}.Release|x64.Build.0 = Release|x64
		{7AD8AE28-23F1-4CBB-B175-96F15A2D9BBA}.Release|x86.ActiveCfg = Release|Win32
		{7AD8AE28-23F1-4CBB-B175-96F15A2D9BBA}.Release|x86.Build.0 = Release|Win32
		{15572177-C9B6-44E3-962F-C0DB51E8A5C0}.Debug|x64.ActiveCfg = Debug|x64
		{15572177-C9B6-44E3-962F-C0DB51E8A5C0}.Debug|x64.Build.0 = Debug|x64
		{15572177-C9B6-44E3-962F-C0DB51E8A5C0}.Debug|x86.ActiveCfg = Debug|Win32
		{15572177-C9B6-44E3-962F-C0DB51E8A5C0}.Debug|x86.Build.0 = Debug|Win32
		{15572177-C9B6-44E3-962F-C0DB51E8A5C0}.Release|x64.ActiveCfg = Release|x64
		{15572177-C9B6-44E3-962F-C0DB51E8A5C0}.Release|x64.Build.0 = Release|x64
		{15572177-C9B6-44E3-962F-C0DB51E8A5C0}.Release|x86.ActiveCfg = Release|Win32
		{15572177-C9B6-44E3-962F-C0DB51E8A5C0}.Release|x86.Build.0 = Release|Win32
		{4F8F18D8-2C4B-48D3-BF93-742E361FD227}.Debug|x64.ActiveCfg = Debug|x64
		{4F8F18D8-2C4B-48D3-BF93-742E361FD227}.Debug|x64.Build.0 = Debug|x64
		{4F8F18D8-2C4B-48D3-BF93-742E361FD227}.Debug|x86.ActiveCfg = Debug|Win32
		{4F8F18D8-2C4B-48D3-BF93-742E361FD227}.Debug|x86.Build.0 = Debug|Win32
		{4F8F18D8-2C4B-48D3-BF93-742E361FD227}.Release|x64.ActiveCfg = Release|x64
		{4F8F18D8-2C4B-48D3-BF93-742E361FD227}.Release|x64.Build.0 = Release|x64
		{4F8F18D8-2C4B-48D3-BF93-742E361FD227}.Release|x86.ActiveCfg = Release|Win32
		{4F8F18D8-2C4B-48D3-BF93-742E361FD227}.Release|x86.Build.0 = Release|Win32
		{8B779BDC-23D1-4BF0-8FE1-7A92DAEC645E}.Debug|x64.ActiveCfg = Debug|x64
		{8B779BDC-23D1-4BF0-8FE1-7A92DAEC645E}.Debug|x64.Build.0 = Debug|x64
		{8B779BDC-23D1-4BF0-8FE1-7A92DAEC645E}.Debug|x86.ActiveCfg = Debug|Win32
		{8B779BDC-23D1-4BF0-8FE1-7A92DAEC645E}.Debug|x86.Build.0 = Debug|Win32
		{8B779BDC-23D1-4BF0-8FE1-7A92DAEC645E}.Release|x64.ActiveCfg = Release|x64
		{8B779BDC-23D1-4BF0-8FE1-7A92DAEC645E}.Release|x64.Build.0 = Release|x64
		{8B779BDC-23D1-4BF0-8FE1-7A92DAEC645E}.Release|x86.ActiveCfg = Release|Win32
		{8B779BDC-23D1-4BF0-8FE1-7A92DAEC645E}.Release|x86.Build.0 = Release|Win32
		{78733877-7EE5-4246-88C7-C6FB3D1E5072}.Debug|x64.ActiveCfg = Debug|x64
		{78733877-7EE5-4246-88C7-C6FB3D1E5072}.Debug|x64.Build.0 = Debug|x64
		{78733877-7EE5-4246-88C7-C6FB3D1E5072}.Debug|x86.ActiveCfg = Debug|Win32
		{78733877-7EE5-4246-88C7-C6FB3D1E5072}.Debug|x86.Build.0 = Debug|Win32
		{78733877-7EE5-4246-88C7-C6FB3D1E5072}.Release|x64.ActiveCfg = Release|x64
		{78733877-7EE5-4246-88C7-C6FB3D1E5072}.Release|x64.Build.0 = Release|x64
		{78733877-7EE5-4246-88C7-C6FB3D1E5072}.Release|x86.ActiveCfg = Release|Win32
		{78733877-7EE5-4246-88C7-C6FB3D1E5072}.Release|x86.Build.0 = Release|Win32
		{AB718FD0-CFAB-4896-B858-1FB4FF49EE88}.Debug|x64.ActiveCfg = Debug|x64
		{AB718FD0-CFAB-4896-B858-1FB4FF49EE88}.Debug|x64.Build.0 = Debug|x64
		{AB718FD0-CFAB-4896-B858-1FB4FF49EE88}.Debug|x86.ActiveCfg = Debug|Win32
		{AB718FD0-CFAB-4896-B858-1FB4FF49EE88}.Debug|x86.Build.0 = Debug|Win32
		{AB718FD0-CFAB-4896-B858-1FB4FF49EE88}.Release|x64.ActiveCfg = Release|x64
		{AB718FD0-CFAB-4896-B858-1FB4FF49EE88}.Release|x64.Build.0 = Release|x64
		{AB718FD0-CFAB-4896-B858-1FB4FF49EE88}.Release|x86.ActiveCfg = Release|Win32
		{AB718FD0-CFAB-4896-B858-1FB4FF49EE88}.Release|x86.Build.0 = Release|Win32
		{91596BFA-27B8-4752-9D8D-ECA45B6B3B62}.Debug|x64.ActiveCfg = Debug|x64
		{91596BFA-27B8-4752-9D8D-ECA45B6B3B62}.Debug|x64.Build.0 = Debug|x64
		{91596BFA-27B8-4752-9D8D-ECA45B6B3B62}.Debug|x86.ActiveCfg = Debug|Win32
		{91596BFA-27B8-4752-9D8D-ECA45B6B3B62}.Debug|x86.Build.0 = Debug|Win32
		{91596BFA-27B8-4752-9D8D-ECA45B6B3B62}.Release|x64.ActiveCfg = Release|x64
		{91596BFA-27B8-4752-9D8D-ECA45B6B3B62}.Release|x64.Build.0 = Release|x64
		{91596BFA-27B8-4752-9D8D-ECA45B6B3B62}.Release|x86.ActiveCfg = Release|Win32
		{91596BFA-27B8-4752-9D8D-ECA45B6B3B62}.Release|x86.Build.0 = Release|Win32
		{906E659D-D62E-4842-910D-04868345BE24}.Debug|x64.ActiveCfg = Debug|x64
		{906E659D-D62E-4842-910D-04868345BE24}.Debug|x64.Build.0 = Debug|x64
		{906E659D-D62E-4842-910D-04868345BE24}.Debug|x86.ActiveCfg = Debug|Win32
		{906E659D-D62E-4842-910D-04868345BE24}.Debug|x86.Build.0 = Debug|Win32
		{906E659D-D62E-4842-910D-04868345BE24}.Release|x64.ActiveCfg = Release|x64
		{906E659D-D62E-4842-910D-04868345BE24}.Release|x64.Build.0 = Release|x64
		{906E659D-D62E-4842-910D-04868345BE24}.Release|x86.ActiveCfg = Release|Win32
		{906E659D-D62E-4842-910D-04868345BE24}.Release|x86.Build.0 = Release|Win32
		{FFB4365C-D35B-4AFA-B10A-8A12CC3D8867}.Debug|x64.ActiveCfg = Debug|x64
		{FFB4365C-D35B-4AFA-B10A-8A12CC3D8867}.Debug|x64.Build.0 = Debug|x64
		{FFB4365C-D35B-4AFA-B10A-8A12CC3D8867}.Debug|x86.ActiveCfg = Debug|Win32
		{FFB4365C-D35B-4AFA-B10A-8A12CC3D8867}.Debug|x86.Build.0 = Debug|Win32
		{FFB4365C-D35B-4AFA-B10A-8A12CC3D8867}.Release|x64.ActiveCfg = Release|x64
		{FFB4365C-D35B-4AFA-B10A-8A12CC3D8867}.Release|x64.Build.0 = Release|x64
		{FFB4365C-D35B-4AFA-B10A-8A12CC3D8867}.Release|x86.ActiveCfg = Release|Win32
		{FFB4365C-D35B-4AFA-B10A-8A12CC3D8867}.Release|x86.Build.0 = Release|Win32
		{77681746-7983-49D4-928A-262E3F9BF945}.Debug|x64.ActiveCfg = Debug|x64
		{77681746-7983-49D4-928A-262E3F9BF945}.Debug|x64.Build.0 = Debug|x64
		{77681746-7983-49D4-928A-262E3F9BF945}.Debug|x86.ActiveCfg = Debug|Win32
		{77681746-7983-49D4-928A-262E3F9BF945}.Debug|x86.Build.0 = Debug|Win32
		{77681746-7983-49D4-928A-262E3F9BF945}.Release|x64.ActiveCfg = Release|x64
		{77681746-7983-49D4-928A-262E3F9BF945}.Release|x64.Build.0 = Release|x64
		{77681746-7983-49D4-928A-262E3F9BF945}.Release|x86.ActiveCfg = Release|Win32
		{77681746-7983-49D4-928A-262E3F9BF945}.Release|x86.Build.0 = Release|Win32
	EndGlobalSection
	GlobalSection(SolutionProperties) = preSolution
		HideSolutionNode = FALSE
	EndGlobalSection
	GlobalSection(ExtensibilityGlobals) = postSolution
		SolutionGuid = {767B33CA-5159-4CE1-AFF6-397A9E0B466A}
	EndGlobalSection
EndGlobal
